<?xml version="1.0" encoding="UTF-8"?>
<!DOCTYPE plist PUBLIC "-//Apple//DTD PLIST 1.0//EN" "http://www.apple.com/DTDs/PropertyList-1.0.dtd">
<plist version="1.0">
<dict>
	<key>archiveVersion</key>
	<string>1</string>
	<key>classes</key>
	<dict/>
	<key>objectVersion</key>
	<string>46</string>
	<key>objects</key>
	<dict>
		<key>0B2315CB3CC526F40456820C</key>
		<dict>
			<key>children</key>
			<array>
				<string>26E60C07BE5101947A43207D</string>
			</array>
			<key>isa</key>
			<string>PBXGroup</string>
			<key>name</key>
			<string>Frameworks</string>
			<key>sourceTree</key>
			<string>&lt;group&gt;</string>
		</dict>
		<key>10D623E282889F37FA8B3856</key>
		<dict>
			<key>buildActionMask</key>
			<string>2147483647</string>
			<key>files</key>
			<array/>
			<key>inputPaths</key>
			<array/>
			<key>isa</key>
			<string>PBXShellScriptBuildPhase</string>
			<key>name</key>
			<string>[CP] Embed Pods Frameworks</string>
			<key>outputPaths</key>
			<array/>
			<key>runOnlyForDeploymentPostprocessing</key>
			<string>0</string>
			<key>shellPath</key>
			<string>/bin/sh</string>
			<key>shellScript</key>
			<string>"${SRCROOT}/Pods/Target Support Files/Pods-R2S/Pods-R2S-frameworks.sh"
</string>
			<key>showEnvVarsInLog</key>
			<string>0</string>
		</dict>
		<key>23814817D62CF9D3116467B7</key>
		<dict>
			<key>includeInIndex</key>
			<string>1</string>
			<key>isa</key>
			<string>PBXFileReference</string>
			<key>lastKnownFileType</key>
			<string>text.xcconfig</string>
			<key>name</key>
			<string>Pods-R2S.debug.xcconfig</string>
			<key>path</key>
			<string>Pods/Target Support Files/Pods-R2S/Pods-R2S.debug.xcconfig</string>
			<key>sourceTree</key>
			<string>&lt;group&gt;</string>
		</dict>
		<key>26E60C07BE5101947A43207D</key>
		<dict>
			<key>explicitFileType</key>
			<string>wrapper.framework</string>
			<key>includeInIndex</key>
			<string>0</string>
			<key>isa</key>
			<string>PBXFileReference</string>
			<key>path</key>
			<string>Pods_R2S.framework</string>
			<key>sourceTree</key>
			<string>BUILT_PRODUCTS_DIR</string>
		</dict>
		<key>2C087D361F26110C00AC3921</key>
		<dict>
			<key>fileEncoding</key>
			<string>4</string>
			<key>isa</key>
			<string>PBXFileReference</string>
			<key>lastKnownFileType</key>
			<string>sourcecode.swift</string>
			<key>name</key>
			<string>Image.swift</string>
			<key>path</key>
			<string>Models/Image.swift</string>
			<key>sourceTree</key>
			<string>&lt;group&gt;</string>
		</dict>
		<key>2C087D371F26110C00AC3921</key>
		<dict>
			<key>fileRef</key>
			<string>2C087D361F26110C00AC3921</string>
			<key>isa</key>
			<string>PBXBuildFile</string>
		</dict>
		<key>2C4506E21F1DFE290026E8E9</key>
		<dict>
			<key>fileEncoding</key>
			<string>4</string>
			<key>isa</key>
			<string>PBXFileReference</string>
			<key>lastKnownFileType</key>
			<string>sourcecode.swift</string>
			<key>name</key>
			<string>TransactionDao.swift</string>
			<key>path</key>
			<string>Dao/TransactionDao.swift</string>
			<key>sourceTree</key>
			<string>&lt;group&gt;</string>
		</dict>
		<key>2C4506E31F1DFE290026E8E9</key>
		<dict>
			<key>fileRef</key>
			<string>2C4506E21F1DFE290026E8E9</string>
			<key>isa</key>
			<string>PBXBuildFile</string>
		</dict>
		<key>2C5B06241F18C886002C09B8</key>
		<dict>
			<key>fileEncoding</key>
			<string>4</string>
			<key>isa</key>
			<string>PBXFileReference</string>
			<key>lastKnownFileType</key>
			<string>sourcecode.swift</string>
			<key>name</key>
			<string>Transaction.swift</string>
			<key>path</key>
			<string>Models/Transaction.swift</string>
			<key>sourceTree</key>
			<string>&lt;group&gt;</string>
		</dict>
		<key>2C5B06251F18C886002C09B8</key>
		<dict>
			<key>fileRef</key>
			<string>2C5B06241F18C886002C09B8</string>
			<key>isa</key>
			<string>PBXBuildFile</string>
		</dict>
		<key>2C5B06261F18C94B002C09B8</key>
		<dict>
			<key>fileEncoding</key>
			<string>4</string>
			<key>isa</key>
			<string>PBXFileReference</string>
			<key>lastKnownFileType</key>
			<string>sourcecode.swift</string>
			<key>name</key>
			<string>Resource.swift</string>
			<key>path</key>
			<string>Models/Resource.swift</string>
			<key>sourceTree</key>
			<string>&lt;group&gt;</string>
		</dict>
		<key>2C5B06271F18C94B002C09B8</key>
		<dict>
			<key>fileRef</key>
			<string>2C5B06261F18C94B002C09B8</string>
			<key>isa</key>
			<string>PBXBuildFile</string>
		</dict>
		<key>2C63EF0A1F027520003573A7</key>
		<dict>
			<key>fileEncoding</key>
			<string>4</string>
			<key>isa</key>
			<string>PBXFileReference</string>
			<key>lastKnownFileType</key>
			<string>sourcecode.swift</string>
			<key>name</key>
			<string>AccountViewController.swift</string>
			<key>path</key>
			<string>Controllers/AccountViewController.swift</string>
			<key>sourceTree</key>
			<string>&lt;group&gt;</string>
		</dict>
		<key>2C63EF0B1F027520003573A7</key>
		<dict>
			<key>fileRef</key>
			<string>2C63EF0A1F027520003573A7</string>
			<key>isa</key>
			<string>PBXBuildFile</string>
		</dict>
		<key>2C63EF0C1F027530003573A7</key>
		<dict>
			<key>fileEncoding</key>
			<string>4</string>
			<key>isa</key>
			<string>PBXFileReference</string>
			<key>lastKnownFileType</key>
			<string>sourcecode.swift</string>
			<key>name</key>
			<string>AccountView.swift</string>
			<key>path</key>
			<string>View Classes/AccountView.swift</string>
			<key>sourceTree</key>
			<string>&lt;group&gt;</string>
		</dict>
		<key>2C63EF0D1F027530003573A7</key>
		<dict>
			<key>fileRef</key>
			<string>2C63EF0C1F027530003573A7</string>
			<key>isa</key>
			<string>PBXBuildFile</string>
		</dict>
		<key>2C63EF0E1F027541003573A7</key>
		<dict>
			<key>fileEncoding</key>
			<string>4</string>
			<key>isa</key>
			<string>PBXFileReference</string>
			<key>lastKnownFileType</key>
			<string>file.xib</string>
			<key>name</key>
			<string>AccountView.xib</string>
			<key>path</key>
			<string>Xibs/AccountView.xib</string>
			<key>sourceTree</key>
			<string>&lt;group&gt;</string>
		</dict>
		<key>2C63EF0F1F027541003573A7</key>
		<dict>
			<key>fileEncoding</key>
			<string>4</string>
			<key>isa</key>
			<string>PBXFileReference</string>
			<key>lastKnownFileType</key>
			<string>file.xib</string>
			<key>name</key>
			<string>ActivityView.xib</string>
			<key>path</key>
			<string>Xibs/ActivityView.xib</string>
			<key>sourceTree</key>
			<string>&lt;group&gt;</string>
		</dict>
		<key>2C63EF101F027541003573A7</key>
		<dict>
			<key>fileRef</key>
			<string>2C63EF0E1F027541003573A7</string>
			<key>isa</key>
			<string>PBXBuildFile</string>
		</dict>
		<key>2C63EF111F027541003573A7</key>
		<dict>
			<key>fileRef</key>
			<string>2C63EF0F1F027541003573A7</string>
			<key>isa</key>
			<string>PBXBuildFile</string>
		</dict>
		<key>2C658A561F877698009A18A9</key>
		<dict>
			<key>children</key>
			<array>
				<string>2CF06DD01EFBF0E30073C844</string>
			</array>
			<key>isa</key>
			<string>PBXGroup</string>
			<key>name</key>
			<string>Activity</string>
			<key>sourceTree</key>
			<string>&lt;group&gt;</string>
		</dict>
		<key>2C658A571F87770A009A18A9</key>
		<dict>
			<key>fileEncoding</key>
			<string>4</string>
			<key>isa</key>
			<string>PBXFileReference</string>
			<key>lastKnownFileType</key>
			<string>file.xib</string>
			<key>name</key>
			<string>TransactionTableViewCell.xib</string>
			<key>path</key>
			<string>Xibs/TransactionTableViewCell.xib</string>
			<key>sourceTree</key>
			<string>&lt;group&gt;</string>
		</dict>
		<key>2C658A581F87770A009A18A9</key>
		<dict>
			<key>fileRef</key>
			<string>2C658A571F87770A009A18A9</string>
			<key>isa</key>
			<string>PBXBuildFile</string>
		</dict>
		<key>2C89E9561F90C2600002700E</key>
		<dict>
			<key>fileEncoding</key>
			<string>4</string>
			<key>isa</key>
			<string>PBXFileReference</string>
			<key>lastKnownFileType</key>
			<string>sourcecode.swift</string>
			<key>name</key>
			<string>TransactionTableViewCell.swift</string>
			<key>path</key>
			<string>View Classes/TransactionTableViewCell.swift</string>
			<key>sourceTree</key>
			<string>&lt;group&gt;</string>
		</dict>
		<key>2C89E9571F90C2600002700E</key>
		<dict>
			<key>fileRef</key>
			<string>2C89E9561F90C2600002700E</string>
			<key>isa</key>
			<string>PBXBuildFile</string>
		</dict>
		<key>2C89E9581F90C2680002700E</key>
		<dict>
			<key>children</key>
			<array>
				<string>2CF06DD21EFBF1090073C844</string>
				<string>2C89E9561F90C2600002700E</string>
			</array>
			<key>isa</key>
			<string>PBXGroup</string>
			<key>name</key>
			<string>Activity</string>
			<key>sourceTree</key>
			<string>&lt;group&gt;</string>
		</dict>
		<key>2C89E9591F90CF6B0002700E</key>
		<dict>
			<key>children</key>
			<array>
				<string>2C89E95A1F90CF920002700E</string>
				<string>2C89E95B1F90CF920002700E</string>
			</array>
			<key>isa</key>
			<string>PBXGroup</string>
			<key>name</key>
			<string>Nav Bar</string>
			<key>sourceTree</key>
			<string>&lt;group&gt;</string>
		</dict>
		<key>2C89E95A1F90CF920002700E</key>
		<dict>
			<key>fileEncoding</key>
			<string>4</string>
			<key>isa</key>
			<string>PBXFileReference</string>
			<key>lastKnownFileType</key>
			<string>file.xib</string>
			<key>name</key>
			<string>FavoritesView.xib</string>
			<key>path</key>
			<string>Xibs/FavoritesView.xib</string>
			<key>sourceTree</key>
			<string>&lt;group&gt;</string>
		</dict>
		<key>2C89E95B1F90CF920002700E</key>
		<dict>
			<key>fileEncoding</key>
			<string>4</string>
			<key>isa</key>
			<string>PBXFileReference</string>
			<key>lastKnownFileType</key>
			<string>file.xib</string>
			<key>name</key>
			<string>WishlistView.xib</string>
			<key>path</key>
			<string>Xibs/WishlistView.xib</string>
			<key>sourceTree</key>
			<string>&lt;group&gt;</string>
		</dict>
		<key>2C89E95C1F90CF920002700E</key>
		<dict>
			<key>fileRef</key>
			<string>2C89E95A1F90CF920002700E</string>
			<key>isa</key>
			<string>PBXBuildFile</string>
		</dict>
		<key>2C89E95D1F90CF920002700E</key>
		<dict>
			<key>fileRef</key>
			<string>2C89E95B1F90CF920002700E</string>
			<key>isa</key>
			<string>PBXBuildFile</string>
		</dict>
		<key>2C89E95E1F90D21C0002700E</key>
		<dict>
			<key>children</key>
			<array>
				<string>2C89E95F1F90D22A0002700E</string>
				<string>2C89E9601F90D22A0002700E</string>
			</array>
			<key>isa</key>
			<string>PBXGroup</string>
			<key>name</key>
			<string>Nav Bar</string>
			<key>sourceTree</key>
			<string>&lt;group&gt;</string>
		</dict>
		<key>2C89E95F1F90D22A0002700E</key>
		<dict>
			<key>fileEncoding</key>
			<string>4</string>
			<key>isa</key>
			<string>PBXFileReference</string>
			<key>lastKnownFileType</key>
			<string>sourcecode.swift</string>
			<key>name</key>
			<string>FavoritesViewController.swift</string>
			<key>path</key>
			<string>Controllers/FavoritesViewController.swift</string>
			<key>sourceTree</key>
			<string>&lt;group&gt;</string>
		</dict>
		<key>2C89E9601F90D22A0002700E</key>
		<dict>
			<key>fileEncoding</key>
			<string>4</string>
			<key>isa</key>
			<string>PBXFileReference</string>
			<key>lastKnownFileType</key>
			<string>sourcecode.swift</string>
			<key>name</key>
			<string>WishlistViewController.swift</string>
			<key>path</key>
			<string>Controllers/WishlistViewController.swift</string>
			<key>sourceTree</key>
			<string>&lt;group&gt;</string>
		</dict>
		<key>2C89E9611F90D22A0002700E</key>
		<dict>
			<key>fileRef</key>
			<string>2C89E95F1F90D22A0002700E</string>
			<key>isa</key>
			<string>PBXBuildFile</string>
		</dict>
		<key>2C89E9621F90D22A0002700E</key>
		<dict>
			<key>fileRef</key>
			<string>2C89E9601F90D22A0002700E</string>
			<key>isa</key>
			<string>PBXBuildFile</string>
		</dict>
		<key>2C89E9631F90D2330002700E</key>
		<dict>
			<key>children</key>
			<array>
				<string>2C89E9641F90D2510002700E</string>
				<string>2C89E9651F90D2510002700E</string>
			</array>
			<key>isa</key>
			<string>PBXGroup</string>
			<key>name</key>
			<string>Nav Bar</string>
			<key>sourceTree</key>
			<string>&lt;group&gt;</string>
		</dict>
		<key>2C89E9641F90D2510002700E</key>
		<dict>
			<key>fileEncoding</key>
			<string>4</string>
			<key>isa</key>
			<string>PBXFileReference</string>
			<key>lastKnownFileType</key>
			<string>sourcecode.swift</string>
			<key>name</key>
			<string>FavoritesView.swift</string>
			<key>path</key>
			<string>View Classes/FavoritesView.swift</string>
			<key>sourceTree</key>
			<string>&lt;group&gt;</string>
		</dict>
		<key>2C89E9651F90D2510002700E</key>
		<dict>
			<key>fileEncoding</key>
			<string>4</string>
			<key>isa</key>
			<string>PBXFileReference</string>
			<key>lastKnownFileType</key>
			<string>sourcecode.swift</string>
			<key>name</key>
			<string>WishlistView.swift</string>
			<key>path</key>
			<string>View Classes/WishlistView.swift</string>
			<key>sourceTree</key>
			<string>&lt;group&gt;</string>
		</dict>
		<key>2C89E9661F90D2510002700E</key>
		<dict>
			<key>fileRef</key>
			<string>2C89E9641F90D2510002700E</string>
			<key>isa</key>
			<string>PBXBuildFile</string>
		</dict>
		<key>2C89E9671F90D2510002700E</key>
		<dict>
			<key>fileRef</key>
			<string>2C89E9651F90D2510002700E</string>
			<key>isa</key>
			<string>PBXBuildFile</string>
		</dict>
		<key>2C8BCC4E1F1325900064DD87</key>
		<dict>
			<key>fileEncoding</key>
			<string>4</string>
			<key>isa</key>
			<string>PBXFileReference</string>
			<key>lastKnownFileType</key>
			<string>sourcecode.swift</string>
			<key>name</key>
			<string>TransactionRemote.swift</string>
			<key>path</key>
			<string>Remotes/TransactionRemote.swift</string>
			<key>sourceTree</key>
			<string>&lt;group&gt;</string>
		</dict>
		<key>2C8BCC4F1F1325900064DD87</key>
		<dict>
			<key>fileRef</key>
			<string>2C8BCC4E1F1325900064DD87</string>
			<key>isa</key>
			<string>PBXBuildFile</string>
		</dict>
		<key>2C8BCC501F132D0C0064DD87</key>
		<dict>
			<key>fileEncoding</key>
			<string>4</string>
			<key>isa</key>
			<string>PBXFileReference</string>
			<key>lastKnownFileType</key>
			<string>sourcecode.swift</string>
			<key>name</key>
			<string>TransactionService.swift</string>
			<key>path</key>
			<string>Services/TransactionService.swift</string>
			<key>sourceTree</key>
			<string>&lt;group&gt;</string>
		</dict>
		<key>2C8BCC511F132D0C0064DD87</key>
		<dict>
			<key>fileRef</key>
			<string>2C8BCC501F132D0C0064DD87</string>
			<key>isa</key>
			<string>PBXBuildFile</string>
		</dict>
		<key>2C93C0CC1F0F9659009B7179</key>
		<dict>
			<key>fileEncoding</key>
			<string>4</string>
			<key>isa</key>
			<string>PBXFileReference</string>
			<key>lastKnownFileType</key>
			<string>file.xib</string>
			<key>name</key>
			<string>ResourceTableViewCell.xib</string>
			<key>path</key>
			<string>Xibs/ResourceTableViewCell.xib</string>
			<key>sourceTree</key>
			<string>&lt;group&gt;</string>
		</dict>
		<key>2C93C0CD1F0F9659009B7179</key>
		<dict>
			<key>fileRef</key>
			<string>2C93C0CC1F0F9659009B7179</string>
			<key>isa</key>
			<string>PBXBuildFile</string>
		</dict>
		<key>2CD0FD2E1F84C981000C8E89</key>
		<dict>
			<key>children</key>
			<array>
				<string>B9E267CA1E7D41A500BB9900</string>
				<string>B9E267B61E7BAEA600BB9900</string>
				<string>2CD0FD311F84D31D000C8E89</string>
			</array>
			<key>isa</key>
			<string>PBXGroup</string>
			<key>name</key>
			<string>Home</string>
			<key>sourceTree</key>
			<string>&lt;group&gt;</string>
		</dict>
		<key>2CD0FD2F1F84C9AB000C8E89</key>
		<dict>
			<key>children</key>
			<array>
				<string>B9E267C31E7D416500BB9900</string>
				<string>B9E267B41E7BAE2600BB9900</string>
			</array>
			<key>isa</key>
			<string>PBXGroup</string>
			<key>name</key>
			<string>Home</string>
			<key>sourceTree</key>
			<string>&lt;group&gt;</string>
		</dict>
		<key>2CD0FD301F84CD97000C8E89</key>
		<dict>
			<key>children</key>
			<array>
				<string>B9E267D41E7D41E700BB9900</string>
				<string>B9E267B81E7BAEC400BB9900</string>
				<string>B9E267D61E7D41F500BB9900</string>
				<string>B9E267D71E7D41F500BB9900</string>
				<string>2C93C0CC1F0F9659009B7179</string>
			</array>
			<key>isa</key>
			<string>PBXGroup</string>
			<key>name</key>
			<string>Home</string>
			<key>sourceTree</key>
			<string>&lt;group&gt;</string>
		</dict>
		<key>2CD0FD311F84D31D000C8E89</key>
		<dict>
			<key>fileEncoding</key>
			<string>4</string>
			<key>isa</key>
			<string>PBXFileReference</string>
			<key>lastKnownFileType</key>
			<string>sourcecode.swift</string>
			<key>name</key>
			<string>ResourceTableViewCell.swift</string>
			<key>path</key>
			<string>View Classes/ResourceTableViewCell.swift</string>
			<key>sourceTree</key>
			<string>&lt;group&gt;</string>
		</dict>
		<key>2CD0FD321F84D31D000C8E89</key>
		<dict>
			<key>fileRef</key>
			<string>2CD0FD311F84D31D000C8E89</string>
			<key>isa</key>
			<string>PBXBuildFile</string>
		</dict>
		<key>2CDA9E411F8B469E00B40B9A</key>
		<dict>
			<key>children</key>
			<array>
				<string>2C63EF0F1F027541003573A7</string>
				<string>2C658A571F87770A009A18A9</string>
			</array>
			<key>isa</key>
			<string>PBXGroup</string>
			<key>name</key>
			<string>Activity</string>
			<key>sourceTree</key>
			<string>&lt;group&gt;</string>
		</dict>
		<key>2CF06DD01EFBF0E30073C844</key>
		<dict>
			<key>fileEncoding</key>
			<string>4</string>
			<key>isa</key>
			<string>PBXFileReference</string>
			<key>lastKnownFileType</key>
			<string>sourcecode.swift</string>
			<key>name</key>
			<string>ActivityViewController.swift</string>
			<key>path</key>
			<string>Controllers/ActivityViewController.swift</string>
			<key>sourceTree</key>
			<string>&lt;group&gt;</string>
		</dict>
		<key>2CF06DD11EFBF0E30073C844</key>
		<dict>
			<key>fileRef</key>
			<string>2CF06DD01EFBF0E30073C844</string>
			<key>isa</key>
			<string>PBXBuildFile</string>
		</dict>
		<key>2CF06DD21EFBF1090073C844</key>
		<dict>
			<key>fileEncoding</key>
			<string>4</string>
			<key>isa</key>
			<string>PBXFileReference</string>
			<key>lastKnownFileType</key>
			<string>sourcecode.swift</string>
			<key>name</key>
			<string>ActivityView.swift</string>
			<key>path</key>
			<string>View Classes/ActivityView.swift</string>
			<key>sourceTree</key>
			<string>&lt;group&gt;</string>
		</dict>
		<key>2CF06DD31EFBF1090073C844</key>
		<dict>
			<key>fileRef</key>
			<string>2CF06DD21EFBF1090073C844</string>
			<key>isa</key>
			<string>PBXBuildFile</string>
		</dict>
		<key>33DE7660843E508F233330F3</key>
		<dict>
			<key>includeInIndex</key>
			<string>1</string>
			<key>isa</key>
			<string>PBXFileReference</string>
			<key>lastKnownFileType</key>
			<string>text.xcconfig</string>
			<key>name</key>
			<string>Pods-R2S.release.xcconfig</string>
			<key>path</key>
			<string>Pods/Target Support Files/Pods-R2S/Pods-R2S.release.xcconfig</string>
			<key>sourceTree</key>
			<string>&lt;group&gt;</string>
		</dict>
		<key>352A404C8565B59571127ACE</key>
		<dict>
			<key>buildActionMask</key>
			<string>2147483647</string>
			<key>files</key>
			<array/>
			<key>inputPaths</key>
			<array/>
			<key>isa</key>
			<string>PBXShellScriptBuildPhase</string>
			<key>name</key>
			<string>[CP] Check Pods Manifest.lock</string>
			<key>outputPaths</key>
			<array/>
			<key>runOnlyForDeploymentPostprocessing</key>
			<string>0</string>
			<key>shellPath</key>
			<string>/bin/sh</string>
			<key>shellScript</key>
			<string>diff "${PODS_ROOT}/../Podfile.lock" "${PODS_ROOT}/Manifest.lock" &gt; /dev/null
if [ $? != 0 ] ; then
    # print error to STDERR
    echo "error: The sandbox is not in sync with the Podfile.lock. Run 'pod install' or update your CocoaPods installation." &gt;&amp;2
    exit 1
fi
</string>
			<key>showEnvVarsInLog</key>
			<string>0</string>
		</dict>
		<key>548A6074C3188468E31693E6</key>
		<dict>
			<key>fileRef</key>
			<string>26E60C07BE5101947A43207D</string>
			<key>isa</key>
			<string>PBXBuildFile</string>
		</dict>
		<key>9B456F301F8F541E001F4C32</key>
		<dict>
			<key>fileEncoding</key>
			<string>4</string>
			<key>isa</key>
			<string>PBXFileReference</string>
			<key>lastKnownFileType</key>
			<string>sourcecode.swift</string>
			<key>name</key>
			<string>FavoritesDao.swift</string>
			<key>path</key>
			<string>Dao/FavoritesDao.swift</string>
			<key>sourceTree</key>
			<string>&lt;group&gt;</string>
		</dict>
		<key>9B456F311F8F541E001F4C32</key>
		<dict>
			<key>fileRef</key>
			<string>9B456F301F8F541E001F4C32</string>
			<key>isa</key>
			<string>PBXBuildFile</string>
		</dict>
		<key>9B456F361F8F638D001F4C32</key>
		<dict>
			<key>fileEncoding</key>
			<string>4</string>
			<key>isa</key>
			<string>PBXFileReference</string>
			<key>lastKnownFileType</key>
			<string>sourcecode.swift</string>
			<key>name</key>
			<string>ResourceRemote.swift</string>
			<key>path</key>
			<string>Remotes/ResourceRemote.swift</string>
			<key>sourceTree</key>
			<string>&lt;group&gt;</string>
		</dict>
		<key>9B456F371F8F638D001F4C32</key>
		<dict>
			<key>fileRef</key>
			<string>9B456F361F8F638D001F4C32</string>
			<key>isa</key>
			<string>PBXBuildFile</string>
		</dict>
		<key>9B456F381F8F6C32001F4C32</key>
		<dict>
			<key>fileEncoding</key>
			<string>4</string>
			<key>isa</key>
			<string>PBXFileReference</string>
			<key>lastKnownFileType</key>
			<string>sourcecode.swift</string>
			<key>name</key>
			<string>Favorites.swift</string>
			<key>path</key>
			<string>Models/Favorites.swift</string>
			<key>sourceTree</key>
			<string>&lt;group&gt;</string>
		</dict>
		<key>9B456F391F8F6C32001F4C32</key>
		<dict>
			<key>fileRef</key>
			<string>9B456F381F8F6C32001F4C32</string>
			<key>isa</key>
			<string>PBXBuildFile</string>
		</dict>
		<key>9BC70F211F8E247600D8CCED</key>
		<dict>
			<key>fileEncoding</key>
			<string>4</string>
			<key>isa</key>
			<string>PBXFileReference</string>
			<key>lastKnownFileType</key>
			<string>sourcecode.swift</string>
			<key>name</key>
			<string>ResourceDao.swift</string>
			<key>path</key>
			<string>Dao/ResourceDao.swift</string>
			<key>sourceTree</key>
			<string>&lt;group&gt;</string>
		</dict>
		<key>9BC70F221F8E247600D8CCED</key>
		<dict>
			<key>fileRef</key>
			<string>9BC70F211F8E247600D8CCED</string>
			<key>isa</key>
			<string>PBXBuildFile</string>
		</dict>
		<key>9BC70F231F8E34FC00D8CCED</key>
		<dict>
			<key>fileEncoding</key>
			<string>4</string>
			<key>isa</key>
			<string>PBXFileReference</string>
			<key>lastKnownFileType</key>
			<string>sourcecode.swift</string>
			<key>name</key>
			<string>ResourceService.swift</string>
			<key>path</key>
			<string>Services/ResourceService.swift</string>
			<key>sourceTree</key>
			<string>&lt;group&gt;</string>
		</dict>
		<key>9BC70F241F8E34FC00D8CCED</key>
		<dict>
			<key>fileRef</key>
			<string>9BC70F231F8E34FC00D8CCED</string>
			<key>isa</key>
			<string>PBXBuildFile</string>
		</dict>
		<key>9BD834191F9076EE0049066E</key>
		<dict>
			<key>fileEncoding</key>
			<string>4</string>
			<key>isa</key>
			<string>PBXFileReference</string>
			<key>lastKnownFileType</key>
			<string>sourcecode.swift</string>
			<key>name</key>
			<string>Location.swift</string>
			<key>path</key>
			<string>Models/Location.swift</string>
			<key>sourceTree</key>
			<string>&lt;group&gt;</string>
		</dict>
		<key>9BD8341A1F9076EE0049066E</key>
		<dict>
			<key>fileRef</key>
			<string>9BD834191F9076EE0049066E</string>
			<key>isa</key>
			<string>PBXBuildFile</string>
		</dict>
		<key>9BD8341B1F90CBC80049066E</key>
		<dict>
			<key>fileEncoding</key>
			<string>4</string>
			<key>isa</key>
			<string>PBXFileReference</string>
			<key>lastKnownFileType</key>
			<string>sourcecode.swift</string>
			<key>name</key>
			<string>Account.swift</string>
			<key>path</key>
			<string>Models/Account.swift</string>
			<key>sourceTree</key>
			<string>&lt;group&gt;</string>
		</dict>
		<key>9BD8341C1F90CBC80049066E</key>
		<dict>
			<key>fileRef</key>
			<string>9BD8341B1F90CBC80049066E</string>
			<key>isa</key>
			<string>PBXBuildFile</string>
		</dict>
		<key>9BD8341D1F90CD600049066E</key>
		<dict>
			<key>fileEncoding</key>
			<string>4</string>
			<key>isa</key>
			<string>PBXFileReference</string>
			<key>lastKnownFileType</key>
			<string>sourcecode.swift</string>
			<key>name</key>
			<string>Company.swift</string>
			<key>path</key>
			<string>Models/Company.swift</string>
			<key>sourceTree</key>
			<string>&lt;group&gt;</string>
		</dict>
		<key>9BD8341E1F90CD600049066E</key>
		<dict>
			<key>fileRef</key>
			<string>9BD8341D1F90CD600049066E</string>
			<key>isa</key>
			<string>PBXBuildFile</string>
		</dict>
		<key>9BD834231F90E0A00049066E</key>
		<dict>
			<key>fileEncoding</key>
			<string>4</string>
			<key>isa</key>
			<string>PBXFileReference</string>
			<key>lastKnownFileType</key>
			<string>sourcecode.swift</string>
			<key>path</key>
			<string>Roles.swift</string>
			<key>sourceTree</key>
			<string>&lt;group&gt;</string>
		</dict>
		<key>9BD834241F90E0A00049066E</key>
		<dict>
			<key>fileRef</key>
			<string>9BD834231F90E0A00049066E</string>
			<key>isa</key>
			<string>PBXBuildFile</string>
		</dict>
		<key>9BFC73591F94641E00C9D888</key>
		<dict>
			<key>fileEncoding</key>
			<string>4</string>
			<key>isa</key>
			<string>PBXFileReference</string>
			<key>lastKnownFileType</key>
			<string>sourcecode.swift</string>
			<key>name</key>
			<string>Categories.swift</string>
			<key>path</key>
			<string>Models/Categories.swift</string>
			<key>sourceTree</key>
			<string>&lt;group&gt;</string>
		</dict>
		<key>9BFC735A1F94641E00C9D888</key>
		<dict>
			<key>fileRef</key>
			<string>9BFC73591F94641E00C9D888</string>
			<key>isa</key>
			<string>PBXBuildFile</string>
		</dict>
		<key>9BFC735B1F946E2B00C9D888</key>
		<dict>
			<key>fileEncoding</key>
			<string>4</string>
			<key>isa</key>
			<string>PBXFileReference</string>
			<key>lastKnownFileType</key>
			<string>sourcecode.swift</string>
			<key>name</key>
			<string>Subcategories.swift</string>
			<key>path</key>
			<string>Models/Subcategories.swift</string>
			<key>sourceTree</key>
			<string>&lt;group&gt;</string>
		</dict>
		<key>9BFC735C1F946E2B00C9D888</key>
		<dict>
			<key>fileRef</key>
			<string>9BFC735B1F946E2B00C9D888</string>
			<key>isa</key>
			<string>PBXBuildFile</string>
		</dict>
		<key>9BFC735D1F94924400C9D888</key>
		<dict>
			<key>fileEncoding</key>
			<string>4</string>
			<key>isa</key>
			<string>PBXFileReference</string>
			<key>lastKnownFileType</key>
			<string>sourcecode.swift</string>
			<key>name</key>
			<string>UserReview.swift</string>
			<key>path</key>
			<string>Models/UserReview.swift</string>
			<key>sourceTree</key>
			<string>&lt;group&gt;</string>
		</dict>
		<key>9BFC735E1F94924400C9D888</key>
		<dict>
			<key>fileRef</key>
			<string>9BFC735D1F94924400C9D888</string>
			<key>isa</key>
			<string>PBXBuildFile</string>
		</dict>
		<key>B99151A91E77F2B900949529</key>
		<dict>
			<key>children</key>
			<array>
				<string>B99151AA1E77F38300949529</string>
				<string>B99151AC1E77F48500949529</string>
				<string>B99151BB1E77F79B00949529</string>
				<string>B9E267731E78F8A000BB9900</string>
				<string>B9E267751E790FEE00BB9900</string>
				<string>B9E267771E79145F00BB9900</string>
				<string>B9E267861E7A57DF00BB9900</string>
			</array>
			<key>isa</key>
			<string>PBXGroup</string>
			<key>name</key>
			<string>Utilities</string>
			<key>sourceTree</key>
			<string>&lt;group&gt;</string>
		</dict>
		<key>B99151AA1E77F38300949529</key>
		<dict>
			<key>fileEncoding</key>
			<string>4</string>
			<key>isa</key>
			<string>PBXFileReference</string>
			<key>lastKnownFileType</key>
			<string>sourcecode.swift</string>
			<key>name</key>
			<string>ApiRequestManager.swift</string>
			<key>path</key>
			<string>Utilities/ApiRequestManager.swift</string>
			<key>sourceTree</key>
			<string>&lt;group&gt;</string>
		</dict>
		<key>B99151AB1E77F38300949529</key>
		<dict>
			<key>fileRef</key>
			<string>B99151AA1E77F38300949529</string>
			<key>isa</key>
			<string>PBXBuildFile</string>
		</dict>
		<key>B99151AC1E77F48500949529</key>
		<dict>
			<key>fileEncoding</key>
			<string>4</string>
			<key>isa</key>
			<string>PBXFileReference</string>
			<key>lastKnownFileType</key>
			<string>sourcecode.swift</string>
			<key>name</key>
			<string>NetworkManager.swift</string>
			<key>path</key>
			<string>Utilities/NetworkManager.swift</string>
			<key>sourceTree</key>
			<string>&lt;group&gt;</string>
		</dict>
		<key>B99151AD1E77F48500949529</key>
		<dict>
			<key>fileRef</key>
			<string>B99151AC1E77F48500949529</string>
			<key>isa</key>
			<string>PBXBuildFile</string>
		</dict>
		<key>B99151AE1E77F51500949529</key>
		<dict>
			<key>children</key>
			<array>
				<string>B99151AF1E77F55600949529</string>
				<string>B99151B11E77F67E00949529</string>
				<string>B9E2677D1E79416A00BB9900</string>
				<string>B9E267DA1E7D467800BB9900</string>
				<string>2C89E95E1F90D21C0002700E</string>
				<string>B9E267831E7A363B00BB9900</string>
			</array>
			<key>isa</key>
			<string>PBXGroup</string>
			<key>name</key>
			<string>Controllers</string>
			<key>sourceTree</key>
			<string>&lt;group&gt;</string>
		</dict>
		<key>B99151AF1E77F55600949529</key>
		<dict>
			<key>fileEncoding</key>
			<string>4</string>
			<key>isa</key>
			<string>PBXFileReference</string>
			<key>lastKnownFileType</key>
			<string>sourcecode.swift</string>
			<key>name</key>
			<string>BaseViewController.swift</string>
			<key>path</key>
			<string>Controllers/BaseViewController.swift</string>
			<key>sourceTree</key>
			<string>&lt;group&gt;</string>
		</dict>
		<key>B99151B01E77F55600949529</key>
		<dict>
			<key>fileRef</key>
			<string>B99151AF1E77F55600949529</string>
			<key>isa</key>
			<string>PBXBuildFile</string>
		</dict>
		<key>B99151B11E77F67E00949529</key>
		<dict>
			<key>fileEncoding</key>
			<string>4</string>
			<key>isa</key>
			<string>PBXFileReference</string>
			<key>lastKnownFileType</key>
			<string>sourcecode.swift</string>
			<key>name</key>
			<string>LoginViewController.swift</string>
			<key>path</key>
			<string>Controllers/LoginViewController.swift</string>
			<key>sourceTree</key>
			<string>&lt;group&gt;</string>
		</dict>
		<key>B99151B21E77F67E00949529</key>
		<dict>
			<key>fileRef</key>
			<string>B99151B11E77F67E00949529</string>
			<key>isa</key>
			<string>PBXBuildFile</string>
		</dict>
		<key>B99151B31E77F68D00949529</key>
		<dict>
			<key>children</key>
			<array>
				<string>B99151B41E77F6C600949529</string>
				<string>B99151B61E77F6E300949529</string>
				<string>B9E2677F1E79419900BB9900</string>
				<string>B9E267DC1E7D48D600BB9900</string>
				<string>B9E267A41E7AC70200BB9900</string>
				<string>B9E267971E7A86C100BB9900</string>
				<string>2C89E9631F90D2330002700E</string>
				<string>B9E2678A1E7A7A1B00BB9900</string>
				<string>B9E267931E7A846600BB9900</string>
			</array>
			<key>isa</key>
			<string>PBXGroup</string>
			<key>name</key>
			<string>View Classes</string>
			<key>sourceTree</key>
			<string>&lt;group&gt;</string>
		</dict>
		<key>B99151B41E77F6C600949529</key>
		<dict>
			<key>fileEncoding</key>
			<string>4</string>
			<key>isa</key>
			<string>PBXFileReference</string>
			<key>lastKnownFileType</key>
			<string>sourcecode.swift</string>
			<key>name</key>
			<string>BaseUIView.swift</string>
			<key>path</key>
			<string>View Classes/BaseUIView.swift</string>
			<key>sourceTree</key>
			<string>&lt;group&gt;</string>
		</dict>
		<key>B99151B51E77F6C600949529</key>
		<dict>
			<key>fileRef</key>
			<string>B99151B41E77F6C600949529</string>
			<key>isa</key>
			<string>PBXBuildFile</string>
		</dict>
		<key>B99151B61E77F6E300949529</key>
		<dict>
			<key>fileEncoding</key>
			<string>4</string>
			<key>isa</key>
			<string>PBXFileReference</string>
			<key>lastKnownFileType</key>
			<string>sourcecode.swift</string>
			<key>name</key>
			<string>LoginView.swift</string>
			<key>path</key>
			<string>View Classes/LoginView.swift</string>
			<key>sourceTree</key>
			<string>&lt;group&gt;</string>
		</dict>
		<key>B99151B71E77F6E300949529</key>
		<dict>
			<key>fileRef</key>
			<string>B99151B61E77F6E300949529</string>
			<key>isa</key>
			<string>PBXBuildFile</string>
		</dict>
		<key>B99151B81E77F6FA00949529</key>
		<dict>
			<key>children</key>
			<array>
				<string>B99151B91E77F71200949529</string>
				<string>B9E267811E79421000BB9900</string>
				<string>B9E267DE1E7D490100BB9900</string>
				<string>B9E267A71E7AC74600BB9900</string>
				<string>B9E267961E7A86B800BB9900</string>
				<string>2C89E9591F90CF6B0002700E</string>
				<string>B9E2678D1E7A7A4E00BB9900</string>
			</array>
			<key>isa</key>
			<string>PBXGroup</string>
			<key>name</key>
			<string>Xibs</string>
			<key>sourceTree</key>
			<string>&lt;group&gt;</string>
		</dict>
		<key>B99151B91E77F71200949529</key>
		<dict>
			<key>fileEncoding</key>
			<string>4</string>
			<key>isa</key>
			<string>PBXFileReference</string>
			<key>lastKnownFileType</key>
			<string>file.xib</string>
			<key>name</key>
			<string>LoginView.xib</string>
			<key>path</key>
			<string>Xibs/LoginView.xib</string>
			<key>sourceTree</key>
			<string>&lt;group&gt;</string>
		</dict>
		<key>B99151BA1E77F71200949529</key>
		<dict>
			<key>fileRef</key>
			<string>B99151B91E77F71200949529</string>
			<key>isa</key>
			<string>PBXBuildFile</string>
		</dict>
		<key>B99151BB1E77F79B00949529</key>
		<dict>
			<key>fileEncoding</key>
			<string>4</string>
			<key>isa</key>
			<string>PBXFileReference</string>
			<key>lastKnownFileType</key>
			<string>sourcecode.swift</string>
			<key>name</key>
			<string>Constants.swift</string>
			<key>path</key>
			<string>Utilities/Constants.swift</string>
			<key>sourceTree</key>
			<string>&lt;group&gt;</string>
		</dict>
		<key>B99151BC1E77F79B00949529</key>
		<dict>
			<key>fileRef</key>
			<string>B99151BB1E77F79B00949529</string>
			<key>isa</key>
			<string>PBXBuildFile</string>
		</dict>
		<key>B9E2675E1E78E9DB00BB9900</key>
		<dict>
			<key>children</key>
			<array>
				<string>2C087D361F26110C00AC3921</string>
				<string>2C5B06261F18C94B002C09B8</string>
				<string>2C5B06241F18C886002C09B8</string>
				<string>B9E267651E78ED7B00BB9900</string>
				<string>B9E267AA1E7B945700BB9900</string>
				<string>B9E267BE1E7BB7EF00BB9900</string>
				<string>9B456F381F8F6C32001F4C32</string>
				<string>9BD834191F9076EE0049066E</string>
				<string>9BD8341B1F90CBC80049066E</string>
				<string>9BD8341D1F90CD600049066E</string>
				<string>9BD834231F90E0A00049066E</string>
				<string>9BFC73591F94641E00C9D888</string>
				<string>9BFC735B1F946E2B00C9D888</string>
				<string>9BFC735D1F94924400C9D888</string>
			</array>
			<key>isa</key>
			<string>PBXGroup</string>
			<key>name</key>
			<string>Models</string>
			<key>sourceTree</key>
			<string>&lt;group&gt;</string>
		</dict>
		<key>B9E2675F1E78EA3F00BB9900</key>
		<dict>
			<key>children</key>
			<array>
				<string>2C4506E21F1DFE290026E8E9</string>
				<string>B9E267631E78ED0000BB9900</string>
				<string>B9E267B01E7B94F800BB9900</string>
				<string>B9E267C01E7BB84900BB9900</string>
				<string>9BC70F211F8E247600D8CCED</string>
				<string>9B456F301F8F541E001F4C32</string>
			</array>
			<key>isa</key>
			<string>PBXGroup</string>
			<key>name</key>
			<string>Dao</string>
			<key>sourceTree</key>
			<string>&lt;group&gt;</string>
		</dict>
		<key>B9E267601E78EA6300BB9900</key>
		<dict>
			<key>children</key>
			<array>
				<string>B9E267671E78F71D00BB9900</string>
				<string>B9E267691E78F72F00BB9900</string>
				<string>B9E2676B1E78F75100BB9900</string>
				<string>B9E2676D1E78F76900BB9900</string>
				<string>B9E2676F1E78F78000BB9900</string>
			</array>
			<key>isa</key>
			<string>PBXGroup</string>
			<key>name</key>
			<string>Extensions</string>
			<key>sourceTree</key>
			<string>&lt;group&gt;</string>
		</dict>
		<key>B9E267611E78EA6E00BB9900</key>
		<dict>
			<key>children</key>
			<array>
				<string>2C8BCC501F132D0C0064DD87</string>
				<string>B9E267791E7914A200BB9900</string>
				<string>B9E267AC1E7B94D900BB9900</string>
				<string>9BC70F231F8E34FC00D8CCED</string>
			</array>
			<key>isa</key>
			<string>PBXGroup</string>
			<key>name</key>
			<string>Services</string>
			<key>sourceTree</key>
			<string>&lt;group&gt;</string>
		</dict>
		<key>B9E267621E78EA7500BB9900</key>
		<dict>
			<key>children</key>
			<array>
				<string>9B456F361F8F638D001F4C32</string>
				<string>2C8BCC4E1F1325900064DD87</string>
				<string>B9E267711E78F7A500BB9900</string>
				<string>B9E267B21E7B950600BB9900</string>
			</array>
			<key>isa</key>
			<string>PBXGroup</string>
			<key>name</key>
			<string>Remotes</string>
			<key>sourceTree</key>
			<string>&lt;group&gt;</string>
		</dict>
		<key>B9E267631E78ED0000BB9900</key>
		<dict>
			<key>fileEncoding</key>
			<string>4</string>
			<key>isa</key>
			<string>PBXFileReference</string>
			<key>lastKnownFileType</key>
			<string>sourcecode.swift</string>
			<key>name</key>
			<string>UserDao.swift</string>
			<key>path</key>
			<string>Dao/UserDao.swift</string>
			<key>sourceTree</key>
			<string>&lt;group&gt;</string>
		</dict>
		<key>B9E267641E78ED0000BB9900</key>
		<dict>
			<key>fileRef</key>
			<string>B9E267631E78ED0000BB9900</string>
			<key>isa</key>
			<string>PBXBuildFile</string>
		</dict>
		<key>B9E267651E78ED7B00BB9900</key>
		<dict>
			<key>fileEncoding</key>
			<string>4</string>
			<key>isa</key>
			<string>PBXFileReference</string>
			<key>lastKnownFileType</key>
			<string>sourcecode.swift</string>
			<key>name</key>
			<string>User.swift</string>
			<key>path</key>
			<string>Models/User.swift</string>
			<key>sourceTree</key>
			<string>&lt;group&gt;</string>
		</dict>
		<key>B9E267661E78ED7B00BB9900</key>
		<dict>
			<key>fileRef</key>
			<string>B9E267651E78ED7B00BB9900</string>
			<key>isa</key>
			<string>PBXBuildFile</string>
		</dict>
		<key>B9E267671E78F71D00BB9900</key>
		<dict>
			<key>fileEncoding</key>
			<string>4</string>
			<key>isa</key>
			<string>PBXFileReference</string>
			<key>lastKnownFileType</key>
			<string>sourcecode.swift</string>
			<key>name</key>
			<string>String.swift</string>
			<key>path</key>
			<string>Extensions/String.swift</string>
			<key>sourceTree</key>
			<string>&lt;group&gt;</string>
		</dict>
		<key>B9E267681E78F71D00BB9900</key>
		<dict>
			<key>fileRef</key>
			<string>B9E267671E78F71D00BB9900</string>
			<key>isa</key>
			<string>PBXBuildFile</string>
		</dict>
		<key>B9E267691E78F72F00BB9900</key>
		<dict>
			<key>fileEncoding</key>
			<string>4</string>
			<key>isa</key>
			<string>PBXFileReference</string>
			<key>lastKnownFileType</key>
			<string>sourcecode.swift</string>
			<key>name</key>
			<string>UIColor.swift</string>
			<key>path</key>
			<string>Extensions/UIColor.swift</string>
			<key>sourceTree</key>
			<string>&lt;group&gt;</string>
		</dict>
		<key>B9E2676A1E78F72F00BB9900</key>
		<dict>
			<key>fileRef</key>
			<string>B9E267691E78F72F00BB9900</string>
			<key>isa</key>
			<string>PBXBuildFile</string>
		</dict>
		<key>B9E2676B1E78F75100BB9900</key>
		<dict>
			<key>fileEncoding</key>
			<string>4</string>
			<key>isa</key>
			<string>PBXFileReference</string>
			<key>lastKnownFileType</key>
			<string>sourcecode.swift</string>
			<key>name</key>
			<string>UITableView.swift</string>
			<key>path</key>
			<string>Extensions/UITableView.swift</string>
			<key>sourceTree</key>
			<string>&lt;group&gt;</string>
		</dict>
		<key>B9E2676C1E78F75100BB9900</key>
		<dict>
			<key>fileRef</key>
			<string>B9E2676B1E78F75100BB9900</string>
			<key>isa</key>
			<string>PBXBuildFile</string>
		</dict>
		<key>B9E2676D1E78F76900BB9900</key>
		<dict>
			<key>fileEncoding</key>
			<string>4</string>
			<key>isa</key>
			<string>PBXFileReference</string>
			<key>lastKnownFileType</key>
			<string>sourcecode.swift</string>
			<key>name</key>
			<string>UITextField.swift</string>
			<key>path</key>
			<string>Extensions/UITextField.swift</string>
			<key>sourceTree</key>
			<string>&lt;group&gt;</string>
		</dict>
		<key>B9E2676E1E78F76900BB9900</key>
		<dict>
			<key>fileRef</key>
			<string>B9E2676D1E78F76900BB9900</string>
			<key>isa</key>
			<string>PBXBuildFile</string>
		</dict>
		<key>B9E2676F1E78F78000BB9900</key>
		<dict>
			<key>fileEncoding</key>
			<string>4</string>
			<key>isa</key>
			<string>PBXFileReference</string>
			<key>lastKnownFileType</key>
			<string>sourcecode.swift</string>
			<key>name</key>
			<string>UIView.swift</string>
			<key>path</key>
			<string>Extensions/UIView.swift</string>
			<key>sourceTree</key>
			<string>&lt;group&gt;</string>
		</dict>
		<key>B9E267701E78F78000BB9900</key>
		<dict>
			<key>fileRef</key>
			<string>B9E2676F1E78F78000BB9900</string>
			<key>isa</key>
			<string>PBXBuildFile</string>
		</dict>
		<key>B9E267711E78F7A500BB9900</key>
		<dict>
			<key>fileEncoding</key>
			<string>4</string>
			<key>isa</key>
			<string>PBXFileReference</string>
			<key>lastKnownFileType</key>
			<string>sourcecode.swift</string>
			<key>name</key>
			<string>UserRemote.swift</string>
			<key>path</key>
			<string>Remotes/UserRemote.swift</string>
			<key>sourceTree</key>
			<string>&lt;group&gt;</string>
		</dict>
		<key>B9E267721E78F7A500BB9900</key>
		<dict>
			<key>fileRef</key>
			<string>B9E267711E78F7A500BB9900</string>
			<key>isa</key>
			<string>PBXBuildFile</string>
		</dict>
		<key>B9E267731E78F8A000BB9900</key>
		<dict>
			<key>fileEncoding</key>
			<string>4</string>
			<key>isa</key>
			<string>PBXFileReference</string>
			<key>lastKnownFileType</key>
			<string>sourcecode.swift</string>
			<key>name</key>
			<string>Utility.swift</string>
			<key>path</key>
			<string>Utilities/Utility.swift</string>
			<key>sourceTree</key>
			<string>&lt;group&gt;</string>
		</dict>
		<key>B9E267741E78F8A000BB9900</key>
		<dict>
			<key>fileRef</key>
			<string>B9E267731E78F8A000BB9900</string>
			<key>isa</key>
			<string>PBXBuildFile</string>
		</dict>
		<key>B9E267751E790FEE00BB9900</key>
		<dict>
			<key>fileEncoding</key>
			<string>4</string>
			<key>isa</key>
			<string>PBXFileReference</string>
			<key>lastKnownFileType</key>
			<string>sourcecode.swift</string>
			<key>name</key>
			<string>UserHelper.swift</string>
			<key>path</key>
			<string>Utilities/UserHelper.swift</string>
			<key>sourceTree</key>
			<string>&lt;group&gt;</string>
		</dict>
		<key>B9E267761E790FEE00BB9900</key>
		<dict>
			<key>fileRef</key>
			<string>B9E267751E790FEE00BB9900</string>
			<key>isa</key>
			<string>PBXBuildFile</string>
		</dict>
		<key>B9E267771E79145F00BB9900</key>
		<dict>
			<key>fileEncoding</key>
			<string>4</string>
			<key>isa</key>
			<string>PBXFileReference</string>
			<key>lastKnownFileType</key>
			<string>sourcecode.swift</string>
			<key>name</key>
			<string>Reachability.swift</string>
			<key>path</key>
			<string>Utilities/Reachability.swift</string>
			<key>sourceTree</key>
			<string>&lt;group&gt;</string>
		</dict>
		<key>B9E267781E79145F00BB9900</key>
		<dict>
			<key>fileRef</key>
			<string>B9E267771E79145F00BB9900</string>
			<key>isa</key>
			<string>PBXBuildFile</string>
		</dict>
		<key>B9E267791E7914A200BB9900</key>
		<dict>
			<key>fileEncoding</key>
			<string>4</string>
			<key>isa</key>
			<string>PBXFileReference</string>
			<key>lastKnownFileType</key>
			<string>sourcecode.swift</string>
			<key>name</key>
			<string>UserService.swift</string>
			<key>path</key>
			<string>Services/UserService.swift</string>
			<key>sourceTree</key>
			<string>&lt;group&gt;</string>
		</dict>
		<key>B9E2677A1E7914A200BB9900</key>
		<dict>
			<key>fileRef</key>
			<string>B9E267791E7914A200BB9900</string>
			<key>isa</key>
			<string>PBXBuildFile</string>
		</dict>
		<key>B9E2677D1E79416A00BB9900</key>
		<dict>
			<key>fileEncoding</key>
			<string>4</string>
			<key>isa</key>
			<string>PBXFileReference</string>
			<key>lastKnownFileType</key>
			<string>sourcecode.swift</string>
			<key>name</key>
			<string>RegisterViewController.swift</string>
			<key>path</key>
			<string>Controllers/RegisterViewController.swift</string>
			<key>sourceTree</key>
			<string>&lt;group&gt;</string>
		</dict>
		<key>B9E2677E1E79416A00BB9900</key>
		<dict>
			<key>fileRef</key>
			<string>B9E2677D1E79416A00BB9900</string>
			<key>isa</key>
			<string>PBXBuildFile</string>
		</dict>
		<key>B9E2677F1E79419900BB9900</key>
		<dict>
			<key>fileEncoding</key>
			<string>4</string>
			<key>isa</key>
			<string>PBXFileReference</string>
			<key>lastKnownFileType</key>
			<string>sourcecode.swift</string>
			<key>name</key>
			<string>RegisterView.swift</string>
			<key>path</key>
			<string>View Classes/RegisterView.swift</string>
			<key>sourceTree</key>
			<string>&lt;group&gt;</string>
		</dict>
		<key>B9E267801E79419900BB9900</key>
		<dict>
			<key>fileRef</key>
			<string>B9E2677F1E79419900BB9900</string>
			<key>isa</key>
			<string>PBXBuildFile</string>
		</dict>
		<key>B9E267811E79421000BB9900</key>
		<dict>
			<key>fileEncoding</key>
			<string>4</string>
			<key>isa</key>
			<string>PBXFileReference</string>
			<key>lastKnownFileType</key>
			<string>file.xib</string>
			<key>name</key>
			<string>RegisterView.xib</string>
			<key>path</key>
			<string>Xibs/RegisterView.xib</string>
			<key>sourceTree</key>
			<string>&lt;group&gt;</string>
		</dict>
		<key>B9E267821E79421000BB9900</key>
		<dict>
			<key>fileRef</key>
			<string>B9E267811E79421000BB9900</string>
			<key>isa</key>
			<string>PBXBuildFile</string>
		</dict>
		<key>B9E267831E7A363B00BB9900</key>
		<dict>
			<key>children</key>
			<array>
				<string>B9E267C21E7D416400BB9900</string>
				<string>2CD0FD2F1F84C9AB000C8E89</string>
				<string>2C658A561F877698009A18A9</string>
				<string>2C63EF0A1F027520003573A7</string>
			</array>
			<key>isa</key>
			<string>PBXGroup</string>
			<key>name</key>
			<string>Tab Bar</string>
			<key>sourceTree</key>
			<string>&lt;group&gt;</string>
		</dict>
		<key>B9E267861E7A57DF00BB9900</key>
		<dict>
			<key>fileEncoding</key>
			<string>4</string>
			<key>isa</key>
			<string>PBXFileReference</string>
			<key>lastKnownFileType</key>
			<string>sourcecode.swift</string>
			<key>name</key>
			<string>UserManager.swift</string>
			<key>path</key>
			<string>Utilities/UserManager.swift</string>
			<key>sourceTree</key>
			<string>&lt;group&gt;</string>
		</dict>
		<key>B9E267871E7A57DF00BB9900</key>
		<dict>
			<key>fileRef</key>
			<string>B9E267861E7A57DF00BB9900</string>
			<key>isa</key>
			<string>PBXBuildFile</string>
		</dict>
		<key>B9E2678A1E7A7A1B00BB9900</key>
		<dict>
			<key>children</key>
			<array>
				<string>2CD0FD2E1F84C981000C8E89</string>
				<string>2C89E9581F90C2680002700E</string>
				<string>2C63EF0C1F027530003573A7</string>
			</array>
			<key>isa</key>
			<string>PBXGroup</string>
			<key>name</key>
			<string>Tab Bar</string>
			<key>sourceTree</key>
			<string>&lt;group&gt;</string>
		</dict>
		<key>B9E2678D1E7A7A4E00BB9900</key>
		<dict>
			<key>children</key>
			<array>
				<string>2CD0FD301F84CD97000C8E89</string>
				<string>2CDA9E411F8B469E00B40B9A</string>
				<string>2C63EF0E1F027541003573A7</string>
			</array>
			<key>isa</key>
			<string>PBXGroup</string>
			<key>name</key>
			<string>Tab Bar</string>
			<key>sourceTree</key>
			<string>&lt;group&gt;</string>
		</dict>
		<key>B9E267931E7A846600BB9900</key>
		<dict>
			<key>children</key>
			<array>
				<string>B9E267CC1E7D41B500BB9900</string>
				<string>B9E267CD1E7D41B500BB9900</string>
			</array>
			<key>isa</key>
			<string>PBXGroup</string>
			<key>name</key>
			<string>TableView Cells</string>
			<key>sourceTree</key>
			<string>&lt;group&gt;</string>
		</dict>
		<key>B9E267961E7A86B800BB9900</key>
		<dict>
			<key>children</key>
			<array>
				<string>B9E267D21E7D41D700BB9900</string>
			</array>
			<key>isa</key>
			<string>PBXGroup</string>
			<key>name</key>
			<string>Scroll Views</string>
			<key>sourceTree</key>
			<string>&lt;group&gt;</string>
		</dict>
		<key>B9E267971E7A86C100BB9900</key>
		<dict>
			<key>children</key>
			<array>
				<string>B9E267C81E7D419500BB9900</string>
			</array>
			<key>isa</key>
			<string>PBXGroup</string>
			<key>name</key>
			<string>Scroll Views</string>
			<key>sourceTree</key>
			<string>&lt;group&gt;</string>
		</dict>
		<key>B9E267A41E7AC70200BB9900</key>
		<dict>
			<key>children</key>
			<array>
				<string>B9E267C61E7D418300BB9900</string>
				<string>B9E267BC1E7BAFF800BB9900</string>
			</array>
			<key>isa</key>
			<string>PBXGroup</string>
			<key>name</key>
			<string>CollectionView Cells</string>
			<key>sourceTree</key>
			<string>&lt;group&gt;</string>
		</dict>
		<key>B9E267A71E7AC74600BB9900</key>
		<dict>
			<key>children</key>
			<array>
				<string>B9E267D01E7D41CA00BB9900</string>
				<string>B9E267BA1E7BAF9500BB9900</string>
			</array>
			<key>isa</key>
			<string>PBXGroup</string>
			<key>name</key>
			<string>CollectionView Cell</string>
			<key>sourceTree</key>
			<string>&lt;group&gt;</string>
		</dict>
		<key>B9E267AA1E7B945700BB9900</key>
		<dict>
			<key>fileEncoding</key>
			<string>4</string>
			<key>isa</key>
			<string>PBXFileReference</string>
			<key>lastKnownFileType</key>
			<string>sourcecode.swift</string>
			<key>name</key>
			<string>Category.swift</string>
			<key>path</key>
			<string>Models/Category.swift</string>
			<key>sourceTree</key>
			<string>&lt;group&gt;</string>
		</dict>
		<key>B9E267AB1E7B945700BB9900</key>
		<dict>
			<key>fileRef</key>
			<string>B9E267AA1E7B945700BB9900</string>
			<key>isa</key>
			<string>PBXBuildFile</string>
		</dict>
		<key>B9E267AC1E7B94D900BB9900</key>
		<dict>
			<key>fileEncoding</key>
			<string>4</string>
			<key>isa</key>
			<string>PBXFileReference</string>
			<key>lastKnownFileType</key>
			<string>sourcecode.swift</string>
			<key>name</key>
			<string>CategoryService.swift</string>
			<key>path</key>
			<string>Services/CategoryService.swift</string>
			<key>sourceTree</key>
			<string>&lt;group&gt;</string>
		</dict>
		<key>B9E267AD1E7B94D900BB9900</key>
		<dict>
			<key>fileRef</key>
			<string>B9E267AC1E7B94D900BB9900</string>
			<key>isa</key>
			<string>PBXBuildFile</string>
		</dict>
		<key>B9E267B01E7B94F800BB9900</key>
		<dict>
			<key>fileEncoding</key>
			<string>4</string>
			<key>isa</key>
			<string>PBXFileReference</string>
			<key>lastKnownFileType</key>
			<string>sourcecode.swift</string>
			<key>name</key>
			<string>CategoryDao.swift</string>
			<key>path</key>
			<string>Dao/CategoryDao.swift</string>
			<key>sourceTree</key>
			<string>&lt;group&gt;</string>
		</dict>
		<key>B9E267B11E7B94F800BB9900</key>
		<dict>
			<key>fileRef</key>
			<string>B9E267B01E7B94F800BB9900</string>
			<key>isa</key>
			<string>PBXBuildFile</string>
		</dict>
		<key>B9E267B21E7B950600BB9900</key>
		<dict>
			<key>fileEncoding</key>
			<string>4</string>
			<key>isa</key>
			<string>PBXFileReference</string>
			<key>lastKnownFileType</key>
			<string>sourcecode.swift</string>
			<key>name</key>
			<string>CategoryRemote.swift</string>
			<key>path</key>
			<string>Remotes/CategoryRemote.swift</string>
			<key>sourceTree</key>
			<string>&lt;group&gt;</string>
		</dict>
		<key>B9E267B31E7B950600BB9900</key>
		<dict>
			<key>fileRef</key>
			<string>B9E267B21E7B950600BB9900</string>
			<key>isa</key>
			<string>PBXBuildFile</string>
		</dict>
		<key>B9E267B41E7BAE2600BB9900</key>
		<dict>
			<key>fileEncoding</key>
			<string>4</string>
			<key>isa</key>
			<string>PBXFileReference</string>
			<key>lastKnownFileType</key>
			<string>sourcecode.swift</string>
			<key>name</key>
			<string>BrowseViewController.swift</string>
			<key>path</key>
			<string>Controllers/BrowseViewController.swift</string>
			<key>sourceTree</key>
			<string>&lt;group&gt;</string>
		</dict>
		<key>B9E267B51E7BAE2600BB9900</key>
		<dict>
			<key>fileRef</key>
			<string>B9E267B41E7BAE2600BB9900</string>
			<key>isa</key>
			<string>PBXBuildFile</string>
		</dict>
		<key>B9E267B61E7BAEA600BB9900</key>
		<dict>
			<key>fileEncoding</key>
			<string>4</string>
			<key>isa</key>
			<string>PBXFileReference</string>
			<key>lastKnownFileType</key>
			<string>sourcecode.swift</string>
			<key>name</key>
			<string>BrowseView.swift</string>
			<key>path</key>
			<string>View Classes/BrowseView.swift</string>
			<key>sourceTree</key>
			<string>&lt;group&gt;</string>
		</dict>
		<key>B9E267B71E7BAEA600BB9900</key>
		<dict>
			<key>fileRef</key>
			<string>B9E267B61E7BAEA600BB9900</string>
			<key>isa</key>
			<string>PBXBuildFile</string>
		</dict>
		<key>B9E267B81E7BAEC400BB9900</key>
		<dict>
			<key>fileEncoding</key>
			<string>4</string>
			<key>isa</key>
			<string>PBXFileReference</string>
			<key>lastKnownFileType</key>
			<string>file.xib</string>
			<key>name</key>
			<string>BrowseView.xib</string>
			<key>path</key>
			<string>Xibs/BrowseView.xib</string>
			<key>sourceTree</key>
			<string>&lt;group&gt;</string>
		</dict>
		<key>B9E267B91E7BAEC400BB9900</key>
		<dict>
			<key>fileRef</key>
			<string>B9E267B81E7BAEC400BB9900</string>
			<key>isa</key>
			<string>PBXBuildFile</string>
		</dict>
		<key>B9E267BA1E7BAF9500BB9900</key>
		<dict>
			<key>fileEncoding</key>
			<string>4</string>
			<key>isa</key>
			<string>PBXFileReference</string>
			<key>lastKnownFileType</key>
			<string>file.xib</string>
			<key>name</key>
			<string>SubCategoryCollectionViewCell.xib</string>
			<key>path</key>
			<string>Xibs/SubCategoryCollectionViewCell.xib</string>
			<key>sourceTree</key>
			<string>&lt;group&gt;</string>
		</dict>
		<key>B9E267BB1E7BAF9500BB9900</key>
		<dict>
			<key>fileRef</key>
			<string>B9E267BA1E7BAF9500BB9900</string>
			<key>isa</key>
			<string>PBXBuildFile</string>
		</dict>
		<key>B9E267BC1E7BAFF800BB9900</key>
		<dict>
			<key>fileEncoding</key>
			<string>4</string>
			<key>isa</key>
			<string>PBXFileReference</string>
			<key>lastKnownFileType</key>
			<string>sourcecode.swift</string>
			<key>name</key>
			<string>SubCategoryCollectionViewCell.swift</string>
			<key>path</key>
			<string>View Classes/SubCategoryCollectionViewCell.swift</string>
			<key>sourceTree</key>
			<string>&lt;group&gt;</string>
		</dict>
		<key>B9E267BD1E7BAFF800BB9900</key>
		<dict>
			<key>fileRef</key>
			<string>B9E267BC1E7BAFF800BB9900</string>
			<key>isa</key>
			<string>PBXBuildFile</string>
		</dict>
		<key>B9E267BE1E7BB7EF00BB9900</key>
		<dict>
			<key>fileEncoding</key>
			<string>4</string>
			<key>isa</key>
			<string>PBXFileReference</string>
			<key>lastKnownFileType</key>
			<string>sourcecode.swift</string>
			<key>name</key>
			<string>Subcategory.swift</string>
			<key>path</key>
			<string>Models/Subcategory.swift</string>
			<key>sourceTree</key>
			<string>&lt;group&gt;</string>
		</dict>
		<key>B9E267BF1E7BB7EF00BB9900</key>
		<dict>
			<key>fileRef</key>
			<string>B9E267BE1E7BB7EF00BB9900</string>
			<key>isa</key>
			<string>PBXBuildFile</string>
		</dict>
		<key>B9E267C01E7BB84900BB9900</key>
		<dict>
			<key>fileEncoding</key>
			<string>4</string>
			<key>isa</key>
			<string>PBXFileReference</string>
			<key>lastKnownFileType</key>
			<string>sourcecode.swift</string>
			<key>name</key>
			<string>SubcategoryDao.swift</string>
			<key>path</key>
			<string>Dao/SubcategoryDao.swift</string>
			<key>sourceTree</key>
			<string>&lt;group&gt;</string>
		</dict>
		<key>B9E267C11E7BB84900BB9900</key>
		<dict>
			<key>fileRef</key>
			<string>B9E267C01E7BB84900BB9900</string>
			<key>isa</key>
			<string>PBXBuildFile</string>
		</dict>
		<key>B9E267C21E7D416400BB9900</key>
		<dict>
			<key>fileEncoding</key>
			<string>4</string>
			<key>isa</key>
			<string>PBXFileReference</string>
			<key>lastKnownFileType</key>
			<string>sourcecode.swift</string>
			<key>name</key>
			<string>HomeTabBarViewController.swift</string>
			<key>path</key>
			<string>Controllers/HomeTabBarViewController.swift</string>
			<key>sourceTree</key>
			<string>&lt;group&gt;</string>
		</dict>
		<key>B9E267C31E7D416500BB9900</key>
		<dict>
			<key>fileEncoding</key>
			<string>4</string>
			<key>isa</key>
			<string>PBXFileReference</string>
			<key>lastKnownFileType</key>
			<string>sourcecode.swift</string>
			<key>name</key>
			<string>HomeViewController.swift</string>
			<key>path</key>
			<string>Controllers/HomeViewController.swift</string>
			<key>sourceTree</key>
			<string>&lt;group&gt;</string>
		</dict>
		<key>B9E267C41E7D416500BB9900</key>
		<dict>
			<key>fileRef</key>
			<string>B9E267C21E7D416400BB9900</string>
			<key>isa</key>
			<string>PBXBuildFile</string>
		</dict>
		<key>B9E267C51E7D416500BB9900</key>
		<dict>
			<key>fileRef</key>
			<string>B9E267C31E7D416500BB9900</string>
			<key>isa</key>
			<string>PBXBuildFile</string>
		</dict>
		<key>B9E267C61E7D418300BB9900</key>
		<dict>
			<key>fileEncoding</key>
			<string>4</string>
			<key>isa</key>
			<string>PBXFileReference</string>
			<key>lastKnownFileType</key>
			<string>sourcecode.swift</string>
			<key>name</key>
			<string>CategoryCollectionViewCell.swift</string>
			<key>path</key>
			<string>View Classes/CategoryCollectionViewCell.swift</string>
			<key>sourceTree</key>
			<string>&lt;group&gt;</string>
		</dict>
		<key>B9E267C71E7D418300BB9900</key>
		<dict>
			<key>fileRef</key>
			<string>B9E267C61E7D418300BB9900</string>
			<key>isa</key>
			<string>PBXBuildFile</string>
		</dict>
		<key>B9E267C81E7D419500BB9900</key>
		<dict>
			<key>fileEncoding</key>
			<string>4</string>
			<key>isa</key>
			<string>PBXFileReference</string>
			<key>lastKnownFileType</key>
			<string>sourcecode.swift</string>
			<key>name</key>
			<string>FeaturedCarouselItemView.swift</string>
			<key>path</key>
			<string>View Classes/FeaturedCarouselItemView.swift</string>
			<key>sourceTree</key>
			<string>&lt;group&gt;</string>
		</dict>
		<key>B9E267C91E7D419500BB9900</key>
		<dict>
			<key>fileRef</key>
			<string>B9E267C81E7D419500BB9900</string>
			<key>isa</key>
			<string>PBXBuildFile</string>
		</dict>
		<key>B9E267CA1E7D41A500BB9900</key>
		<dict>
			<key>fileEncoding</key>
			<string>4</string>
			<key>isa</key>
			<string>PBXFileReference</string>
			<key>lastKnownFileType</key>
			<string>sourcecode.swift</string>
			<key>name</key>
			<string>HomeView.swift</string>
			<key>path</key>
			<string>View Classes/HomeView.swift</string>
			<key>sourceTree</key>
			<string>&lt;group&gt;</string>
		</dict>
		<key>B9E267CB1E7D41A500BB9900</key>
		<dict>
			<key>fileRef</key>
			<string>B9E267CA1E7D41A500BB9900</string>
			<key>isa</key>
			<string>PBXBuildFile</string>
		</dict>
		<key>B9E267CC1E7D41B500BB9900</key>
		<dict>
			<key>fileEncoding</key>
			<string>4</string>
			<key>isa</key>
			<string>PBXFileReference</string>
			<key>lastKnownFileType</key>
			<string>sourcecode.swift</string>
			<key>name</key>
			<string>CategoryTableViewCell.swift</string>
			<key>path</key>
			<string>View Classes/CategoryTableViewCell.swift</string>
			<key>sourceTree</key>
			<string>&lt;group&gt;</string>
		</dict>
		<key>B9E267CD1E7D41B500BB9900</key>
		<dict>
			<key>fileEncoding</key>
			<string>4</string>
			<key>isa</key>
			<string>PBXFileReference</string>
			<key>lastKnownFileType</key>
			<string>sourcecode.swift</string>
			<key>name</key>
			<string>FeaturedTableViewCell.swift</string>
			<key>path</key>
			<string>View Classes/FeaturedTableViewCell.swift</string>
			<key>sourceTree</key>
			<string>&lt;group&gt;</string>
		</dict>
		<key>B9E267CE1E7D41B500BB9900</key>
		<dict>
			<key>fileRef</key>
			<string>B9E267CC1E7D41B500BB9900</string>
			<key>isa</key>
			<string>PBXBuildFile</string>
		</dict>
		<key>B9E267CF1E7D41B500BB9900</key>
		<dict>
			<key>fileRef</key>
			<string>B9E267CD1E7D41B500BB9900</string>
			<key>isa</key>
			<string>PBXBuildFile</string>
		</dict>
		<key>B9E267D01E7D41CA00BB9900</key>
		<dict>
			<key>fileEncoding</key>
			<string>4</string>
			<key>isa</key>
			<string>PBXFileReference</string>
			<key>lastKnownFileType</key>
			<string>file.xib</string>
			<key>name</key>
			<string>CategoryCollectionViewCell.xib</string>
			<key>path</key>
			<string>Xibs/CategoryCollectionViewCell.xib</string>
			<key>sourceTree</key>
			<string>&lt;group&gt;</string>
		</dict>
		<key>B9E267D11E7D41CA00BB9900</key>
		<dict>
			<key>fileRef</key>
			<string>B9E267D01E7D41CA00BB9900</string>
			<key>isa</key>
			<string>PBXBuildFile</string>
		</dict>
		<key>B9E267D21E7D41D700BB9900</key>
		<dict>
			<key>fileEncoding</key>
			<string>4</string>
			<key>isa</key>
			<string>PBXFileReference</string>
			<key>lastKnownFileType</key>
			<string>file.xib</string>
			<key>name</key>
			<string>FeaturedCarouselItemView.xib</string>
			<key>path</key>
			<string>Xibs/FeaturedCarouselItemView.xib</string>
			<key>sourceTree</key>
			<string>&lt;group&gt;</string>
		</dict>
		<key>B9E267D31E7D41D700BB9900</key>
		<dict>
			<key>fileRef</key>
			<string>B9E267D21E7D41D700BB9900</string>
			<key>isa</key>
			<string>PBXBuildFile</string>
		</dict>
		<key>B9E267D41E7D41E700BB9900</key>
		<dict>
			<key>fileEncoding</key>
			<string>4</string>
			<key>isa</key>
			<string>PBXFileReference</string>
			<key>lastKnownFileType</key>
			<string>file.xib</string>
			<key>name</key>
			<string>HomeView.xib</string>
			<key>path</key>
			<string>Xibs/HomeView.xib</string>
			<key>sourceTree</key>
			<string>&lt;group&gt;</string>
		</dict>
		<key>B9E267D51E7D41E700BB9900</key>
		<dict>
			<key>fileRef</key>
			<string>B9E267D41E7D41E700BB9900</string>
			<key>isa</key>
			<string>PBXBuildFile</string>
		</dict>
		<key>B9E267D61E7D41F500BB9900</key>
		<dict>
			<key>fileEncoding</key>
			<string>4</string>
			<key>isa</key>
			<string>PBXFileReference</string>
			<key>lastKnownFileType</key>
			<string>file.xib</string>
			<key>name</key>
			<string>CategoryTableViewCell.xib</string>
			<key>path</key>
			<string>Xibs/CategoryTableViewCell.xib</string>
			<key>sourceTree</key>
			<string>&lt;group&gt;</string>
		</dict>
		<key>B9E267D71E7D41F500BB9900</key>
		<dict>
			<key>fileEncoding</key>
			<string>4</string>
			<key>isa</key>
			<string>PBXFileReference</string>
			<key>lastKnownFileType</key>
			<string>file.xib</string>
			<key>name</key>
			<string>FeaturedTableViewCell.xib</string>
			<key>path</key>
			<string>Xibs/FeaturedTableViewCell.xib</string>
			<key>sourceTree</key>
			<string>&lt;group&gt;</string>
		</dict>
		<key>B9E267D81E7D41F500BB9900</key>
		<dict>
			<key>fileRef</key>
			<string>B9E267D61E7D41F500BB9900</string>
			<key>isa</key>
			<string>PBXBuildFile</string>
		</dict>
		<key>B9E267D91E7D41F500BB9900</key>
		<dict>
			<key>fileRef</key>
			<string>B9E267D71E7D41F500BB9900</string>
			<key>isa</key>
			<string>PBXBuildFile</string>
		</dict>
		<key>B9E267DA1E7D467800BB9900</key>
		<dict>
			<key>fileEncoding</key>
			<string>4</string>
			<key>isa</key>
			<string>PBXFileReference</string>
			<key>lastKnownFileType</key>
			<string>sourcecode.swift</string>
			<key>name</key>
			<string>WelcomeViewController.swift</string>
			<key>path</key>
			<string>Controllers/WelcomeViewController.swift</string>
			<key>sourceTree</key>
			<string>&lt;group&gt;</string>
		</dict>
		<key>B9E267DB1E7D467800BB9900</key>
		<dict>
			<key>fileRef</key>
			<string>B9E267DA1E7D467800BB9900</string>
			<key>isa</key>
			<string>PBXBuildFile</string>
		</dict>
		<key>B9E267DC1E7D48D600BB9900</key>
		<dict>
			<key>fileEncoding</key>
			<string>4</string>
			<key>isa</key>
			<string>PBXFileReference</string>
			<key>lastKnownFileType</key>
			<string>sourcecode.swift</string>
			<key>name</key>
			<string>WelcomeView.swift</string>
			<key>path</key>
			<string>View Classes/WelcomeView.swift</string>
			<key>sourceTree</key>
			<string>&lt;group&gt;</string>
		</dict>
		<key>B9E267DD1E7D48D600BB9900</key>
		<dict>
			<key>fileRef</key>
			<string>B9E267DC1E7D48D600BB9900</string>
			<key>isa</key>
			<string>PBXBuildFile</string>
		</dict>
		<key>B9E267DE1E7D490100BB9900</key>
		<dict>
			<key>fileEncoding</key>
			<string>4</string>
			<key>isa</key>
			<string>PBXFileReference</string>
			<key>lastKnownFileType</key>
			<string>file.xib</string>
			<key>name</key>
			<string>WelcomeView.xib</string>
			<key>path</key>
			<string>Xibs/WelcomeView.xib</string>
			<key>sourceTree</key>
			<string>&lt;group&gt;</string>
		</dict>
		<key>B9E267DF1E7D490100BB9900</key>
		<dict>
			<key>fileRef</key>
			<string>B9E267DE1E7D490100BB9900</string>
			<key>isa</key>
			<string>PBXBuildFile</string>
		</dict>
		<key>B9E277E8BAD7167895A6EC83</key>
		<dict>
			<key>buildActionMask</key>
			<string>2147483647</string>
			<key>files</key>
			<array/>
			<key>inputPaths</key>
			<array/>
			<key>isa</key>
			<string>PBXShellScriptBuildPhase</string>
			<key>name</key>
			<string>[CP] Copy Pods Resources</string>
			<key>outputPaths</key>
			<array/>
			<key>runOnlyForDeploymentPostprocessing</key>
			<string>0</string>
			<key>shellPath</key>
			<string>/bin/sh</string>
			<key>shellScript</key>
			<string>"${SRCROOT}/Pods/Target Support Files/Pods-R2S/Pods-R2S-resources.sh"
</string>
			<key>showEnvVarsInLog</key>
			<string>0</string>
		</dict>
		<key>B9FE3FDA1E77E32A003CDE74</key>
		<dict>
			<key>children</key>
			<array>
				<string>B9FE3FE51E77E32A003CDE74</string>
				<string>B9FE3FFA1E77E32B003CDE74</string>
				<string>B9FE40051E77E32B003CDE74</string>
				<string>B9FE3FE41E77E32A003CDE74</string>
				<string>E98DBE374D4CDB004B8FEF12</string>
				<string>0B2315CB3CC526F40456820C</string>
			</array>
			<key>isa</key>
			<string>PBXGroup</string>
			<key>sourceTree</key>
			<string>&lt;group&gt;</string>
		</dict>
		<key>B9FE3FDB1E77E32A003CDE74</key>
		<dict>
			<key>attributes</key>
			<dict>
				<key>LastSwiftUpdateCheck</key>
				<string>0820</string>
				<key>LastUpgradeCheck</key>
				<string>0820</string>
				<key>ORGANIZATIONNAME</key>
				<string>Total Integrated Resources</string>
				<key>TargetAttributes</key>
				<dict>
					<key>B9FE3FE21E77E32A003CDE74</key>
					<dict>
						<key>CreatedOnToolsVersion</key>
						<string>8.2.1</string>
						<key>DevelopmentTeam</key>
						<string>U363493FZ8</string>
						<key>ProvisioningStyle</key>
						<string>Automatic</string>
					</dict>
					<key>B9FE3FF61E77E32B003CDE74</key>
					<dict>
						<key>CreatedOnToolsVersion</key>
						<string>8.2.1</string>
						<key>ProvisioningStyle</key>
						<string>Automatic</string>
						<key>TestTargetID</key>
						<string>B9FE3FE21E77E32A003CDE74</string>
					</dict>
					<key>B9FE40011E77E32B003CDE74</key>
					<dict>
						<key>CreatedOnToolsVersion</key>
						<string>8.2.1</string>
						<key>ProvisioningStyle</key>
						<string>Automatic</string>
						<key>TestTargetID</key>
						<string>B9FE3FE21E77E32A003CDE74</string>
					</dict>
				</dict>
			</dict>
			<key>buildConfigurationList</key>
			<string>B9FE3FDE1E77E32A003CDE74</string>
			<key>compatibilityVersion</key>
			<string>Xcode 3.2</string>
			<key>developmentRegion</key>
			<string>English</string>
			<key>hasScannedForEncodings</key>
			<string>0</string>
			<key>isa</key>
			<string>PBXProject</string>
			<key>knownRegions</key>
			<array>
				<string>en</string>
				<string>Base</string>
			</array>
			<key>mainGroup</key>
			<string>B9FE3FDA1E77E32A003CDE74</string>
			<key>productRefGroup</key>
			<string>B9FE3FE41E77E32A003CDE74</string>
			<key>projectDirPath</key>
			<string></string>
			<key>projectReferences</key>
			<array/>
			<key>projectRoot</key>
			<string></string>
			<key>targets</key>
			<array>
				<string>B9FE3FE21E77E32A003CDE74</string>
				<string>B9FE3FF61E77E32B003CDE74</string>
				<string>B9FE40011E77E32B003CDE74</string>
			</array>
		</dict>
		<key>B9FE3FDE1E77E32A003CDE74</key>
		<dict>
			<key>buildConfigurations</key>
			<array>
				<string>B9FE40091E77E32B003CDE74</string>
				<string>B9FE400A1E77E32B003CDE74</string>
			</array>
			<key>defaultConfigurationIsVisible</key>
			<string>0</string>
			<key>defaultConfigurationName</key>
			<string>Release</string>
			<key>isa</key>
			<string>XCConfigurationList</string>
		</dict>
		<key>B9FE3FDF1E77E32A003CDE74</key>
		<dict>
			<key>buildActionMask</key>
			<string>2147483647</string>
			<key>files</key>
			<array>
				<string>2CD0FD321F84D31D000C8E89</string>
				<string>B9E267B51E7BAE2600BB9900</string>
				<string>2C89E9621F90D22A0002700E</string>
				<string>B9E267DB1E7D467800BB9900</string>
				<string>2C89E9661F90D2510002700E</string>
				<string>2C5B06251F18C886002C09B8</string>
				<string>B9E267C91E7D419500BB9900</string>
				<string>2C89E9671F90D2510002700E</string>
				<string>9BD8341C1F90CBC80049066E</string>
				<string>B9E267641E78ED0000BB9900</string>
				<string>2C8BCC4F1F1325900064DD87</string>
				<string>B9E2677E1E79416A00BB9900</string>
				<string>B9E2676A1E78F72F00BB9900</string>
				<string>B9E267781E79145F00BB9900</string>
				<string>9BFC735A1F94641E00C9D888</string>
				<string>B9E267B11E7B94F800BB9900</string>
				<string>9B456F311F8F541E001F4C32</string>
				<string>B9E267BF1E7BB7EF00BB9900</string>
				<string>9B456F371F8F638D001F4C32</string>
				<string>B9E267AB1E7B945700BB9900</string>
				<string>2C63EF0B1F027520003573A7</string>
				<string>B9E267681E78F71D00BB9900</string>
				<string>B99151AD1E77F48500949529</string>
				<string>2C4506E31F1DFE290026E8E9</string>
				<string>B99151B71E77F6E300949529</string>
				<string>9BFC735C1F946E2B00C9D888</string>
				<string>B99151B01E77F55600949529</string>
				<string>B9E267CB1E7D41A500BB9900</string>
				<string>B9E267C11E7BB84900BB9900</string>
				<string>B9E267C71E7D418300BB9900</string>
				<string>2C5B06271F18C94B002C09B8</string>
				<string>B9E267721E78F7A500BB9900</string>
				<string>2C89E9571F90C2600002700E</string>
				<string>B9E267801E79419900BB9900</string>
				<string>B99151AB1E77F38300949529</string>
				<string>B99151B21E77F67E00949529</string>
				<string>2C89E9611F90D22A0002700E</string>
				<string>B9FE3FE71E77E32A003CDE74</string>
				<string>B9E267B71E7BAEA600BB9900</string>
				<string>2C087D371F26110C00AC3921</string>
				<string>2C63EF0D1F027530003573A7</string>
				<string>B9E2676E1E78F76900BB9900</string>
				<string>9BC70F241F8E34FC00D8CCED</string>
				<string>2C8BCC511F132D0C0064DD87</string>
				<string>9BFC735E1F94924400C9D888</string>
				<string>B9E267701E78F78000BB9900</string>
				<string>2CF06DD11EFBF0E30073C844</string>
				<string>2CF06DD31EFBF1090073C844</string>
				<string>9BD834241F90E0A00049066E</string>
				<string>B99151B51E77F6C600949529</string>
				<string>B9E267B31E7B950600BB9900</string>
				<string>B9E2676C1E78F75100BB9900</string>
				<string>B9E267C41E7D416500BB9900</string>
				<string>B9E267871E7A57DF00BB9900</string>
				<string>9B456F391F8F6C32001F4C32</string>
				<string>B9E267761E790FEE00BB9900</string>
				<string>B9E267DD1E7D48D600BB9900</string>
				<string>B9E2677A1E7914A200BB9900</string>
				<string>B9E267661E78ED7B00BB9900</string>
				<string>B9E267CF1E7D41B500BB9900</string>
				<string>B99151BC1E77F79B00949529</string>
				<string>B9E267CE1E7D41B500BB9900</string>
				<string>B9E267C51E7D416500BB9900</string>
				<string>9BC70F221F8E247600D8CCED</string>
				<string>B9E267741E78F8A000BB9900</string>
				<string>B9E267AD1E7B94D900BB9900</string>
				<string>9BD8341A1F9076EE0049066E</string>
				<string>B9E267BD1E7BAFF800BB9900</string>
				<string>9BD8341E1F90CD600049066E</string>
			</array>
			<key>isa</key>
			<string>PBXSourcesBuildPhase</string>
			<key>runOnlyForDeploymentPostprocessing</key>
			<string>0</string>
		</dict>
		<key>B9FE3FE01E77E32A003CDE74</key>
		<dict>
			<key>buildActionMask</key>
			<string>2147483647</string>
			<key>files</key>
			<array>
				<string>548A6074C3188468E31693E6</string>
			</array>
			<key>isa</key>
			<string>PBXFrameworksBuildPhase</string>
			<key>runOnlyForDeploymentPostprocessing</key>
			<string>0</string>
		</dict>
		<key>B9FE3FE11E77E32A003CDE74</key>
		<dict>
			<key>buildActionMask</key>
			<string>2147483647</string>
			<key>files</key>
			<array>
				<string>B9FE3FF11E77E32A003CDE74</string>
				<string>B9E267D91E7D41F500BB9900</string>
				<string>B9E267821E79421000BB9900</string>
				<string>B9E267D31E7D41D700BB9900</string>
				<string>B9E267D51E7D41E700BB9900</string>
				<string>B9FE3FEE1E77E32A003CDE74</string>
				<string>2C63EF101F027541003573A7</string>
				<string>B99151BA1E77F71200949529</string>
				<string>2C63EF111F027541003573A7</string>
				<string>2C658A581F87770A009A18A9</string>
				<string>B9E267D81E7D41F500BB9900</string>
				<string>B9E267D11E7D41CA00BB9900</string>
				<string>2C89E95C1F90CF920002700E</string>
				<string>B9FE3FEC1E77E32A003CDE74</string>
				<string>2C89E95D1F90CF920002700E</string>
				<string>B9E267B91E7BAEC400BB9900</string>
				<string>B9E267BB1E7BAF9500BB9900</string>
				<string>2C93C0CD1F0F9659009B7179</string>
				<string>B9E267DF1E7D490100BB9900</string>
			</array>
			<key>isa</key>
			<string>PBXResourcesBuildPhase</string>
			<key>runOnlyForDeploymentPostprocessing</key>
			<string>0</string>
		</dict>
		<key>B9FE3FE21E77E32A003CDE74</key>
		<dict>
			<key>buildConfigurationList</key>
			<string>B9FE400B1E77E32B003CDE74</string>
			<key>buildPhases</key>
			<array>
				<string>352A404C8565B59571127ACE</string>
				<string>B9FE3FDF1E77E32A003CDE74</string>
				<string>B9FE3FE01E77E32A003CDE74</string>
				<string>B9FE3FE11E77E32A003CDE74</string>
				<string>10D623E282889F37FA8B3856</string>
				<string>B9E277E8BAD7167895A6EC83</string>
			</array>
			<key>buildRules</key>
			<array/>
			<key>dependencies</key>
			<array/>
			<key>isa</key>
			<string>PBXNativeTarget</string>
			<key>name</key>
			<string>R2S</string>
			<key>productName</key>
			<string>R2S</string>
			<key>productReference</key>
			<string>B9FE3FE31E77E32A003CDE74</string>
			<key>productType</key>
			<string>com.apple.product-type.application</string>
		</dict>
		<key>B9FE3FE31E77E32A003CDE74</key>
		<dict>
			<key>explicitFileType</key>
			<string>wrapper.application</string>
			<key>includeInIndex</key>
			<string>0</string>
			<key>isa</key>
			<string>PBXFileReference</string>
			<key>path</key>
			<string>R2S.app</string>
			<key>sourceTree</key>
			<string>BUILT_PRODUCTS_DIR</string>
		</dict>
		<key>B9FE3FE41E77E32A003CDE74</key>
		<dict>
			<key>children</key>
			<array>
				<string>B9FE3FE31E77E32A003CDE74</string>
				<string>B9FE3FF71E77E32B003CDE74</string>
				<string>B9FE40021E77E32B003CDE74</string>
			</array>
			<key>isa</key>
			<string>PBXGroup</string>
			<key>name</key>
			<string>Products</string>
			<key>sourceTree</key>
			<string>&lt;group&gt;</string>
		</dict>
		<key>B9FE3FE51E77E32A003CDE74</key>
		<dict>
			<key>children</key>
			<array>
				<string>B9FE3FE61E77E32A003CDE74</string>
				<string>B9FE3FED1E77E32A003CDE74</string>
				<string>B9FE3FF21E77E32A003CDE74</string>
				<string>B9FE3FEF1E77E32A003CDE74</string>
				<string>B9FE3FEA1E77E32A003CDE74</string>
				<string>B99151AE1E77F51500949529</string>
				<string>B9E267611E78EA6E00BB9900</string>
				<string>B9E267621E78EA7500BB9900</string>
				<string>B9E2675F1E78EA3F00BB9900</string>
				<string>B9E2675E1E78E9DB00BB9900</string>
				<string>B99151B31E77F68D00949529</string>
				<string>B99151B81E77F6FA00949529</string>
				<string>B9E267601E78EA6300BB9900</string>
				<string>B99151A91E77F2B900949529</string>
			</array>
			<key>isa</key>
			<string>PBXGroup</string>
			<key>path</key>
			<string>R2S</string>
			<key>sourceTree</key>
			<string>&lt;group&gt;</string>
		</dict>
		<key>B9FE3FE61E77E32A003CDE74</key>
		<dict>
			<key>isa</key>
			<string>PBXFileReference</string>
			<key>lastKnownFileType</key>
			<string>sourcecode.swift</string>
			<key>path</key>
			<string>AppDelegate.swift</string>
			<key>sourceTree</key>
			<string>&lt;group&gt;</string>
		</dict>
		<key>B9FE3FE71E77E32A003CDE74</key>
		<dict>
			<key>fileRef</key>
			<string>B9FE3FE61E77E32A003CDE74</string>
			<key>isa</key>
			<string>PBXBuildFile</string>
		</dict>
		<key>B9FE3FEA1E77E32A003CDE74</key>
		<dict>
			<key>children</key>
			<array>
				<string>B9FE3FEB1E77E32A003CDE74</string>
			</array>
			<key>isa</key>
			<string>PBXVariantGroup</string>
			<key>name</key>
			<string>Main.storyboard</string>
			<key>sourceTree</key>
			<string>&lt;group&gt;</string>
		</dict>
		<key>B9FE3FEB1E77E32A003CDE74</key>
		<dict>
			<key>isa</key>
			<string>PBXFileReference</string>
			<key>lastKnownFileType</key>
			<string>file.storyboard</string>
			<key>name</key>
			<string>Base</string>
			<key>path</key>
			<string>Base.lproj/Main.storyboard</string>
			<key>sourceTree</key>
			<string>&lt;group&gt;</string>
		</dict>
		<key>B9FE3FEC1E77E32A003CDE74</key>
		<dict>
			<key>fileRef</key>
			<string>B9FE3FEA1E77E32A003CDE74</string>
			<key>isa</key>
			<string>PBXBuildFile</string>
		</dict>
		<key>B9FE3FED1E77E32A003CDE74</key>
		<dict>
			<key>isa</key>
			<string>PBXFileReference</string>
			<key>lastKnownFileType</key>
			<string>folder.assetcatalog</string>
			<key>path</key>
			<string>Assets.xcassets</string>
			<key>sourceTree</key>
			<string>&lt;group&gt;</string>
		</dict>
		<key>B9FE3FEE1E77E32A003CDE74</key>
		<dict>
			<key>fileRef</key>
			<string>B9FE3FED1E77E32A003CDE74</string>
			<key>isa</key>
			<string>PBXBuildFile</string>
		</dict>
		<key>B9FE3FEF1E77E32A003CDE74</key>
		<dict>
			<key>children</key>
			<array>
				<string>B9FE3FF01E77E32A003CDE74</string>
			</array>
			<key>isa</key>
			<string>PBXVariantGroup</string>
			<key>name</key>
			<string>LaunchScreen.storyboard</string>
			<key>sourceTree</key>
			<string>&lt;group&gt;</string>
		</dict>
		<key>B9FE3FF01E77E32A003CDE74</key>
		<dict>
			<key>isa</key>
			<string>PBXFileReference</string>
			<key>lastKnownFileType</key>
			<string>file.storyboard</string>
			<key>name</key>
			<string>Base</string>
			<key>path</key>
			<string>Base.lproj/LaunchScreen.storyboard</string>
			<key>sourceTree</key>
			<string>&lt;group&gt;</string>
		</dict>
		<key>B9FE3FF11E77E32A003CDE74</key>
		<dict>
			<key>fileRef</key>
			<string>B9FE3FEF1E77E32A003CDE74</string>
			<key>isa</key>
			<string>PBXBuildFile</string>
		</dict>
		<key>B9FE3FF21E77E32A003CDE74</key>
		<dict>
			<key>isa</key>
			<string>PBXFileReference</string>
			<key>lastKnownFileType</key>
			<string>text.plist.xml</string>
			<key>path</key>
			<string>Info.plist</string>
			<key>sourceTree</key>
			<string>&lt;group&gt;</string>
		</dict>
		<key>B9FE3FF31E77E32B003CDE74</key>
		<dict>
			<key>buildActionMask</key>
			<string>2147483647</string>
			<key>files</key>
			<array>
				<string>B9FE3FFC1E77E32B003CDE74</string>
			</array>
			<key>isa</key>
			<string>PBXSourcesBuildPhase</string>
			<key>runOnlyForDeploymentPostprocessing</key>
			<string>0</string>
		</dict>
		<key>B9FE3FF41E77E32B003CDE74</key>
		<dict>
			<key>buildActionMask</key>
			<string>2147483647</string>
			<key>files</key>
			<array/>
			<key>isa</key>
			<string>PBXFrameworksBuildPhase</string>
			<key>runOnlyForDeploymentPostprocessing</key>
			<string>0</string>
		</dict>
		<key>B9FE3FF51E77E32B003CDE74</key>
		<dict>
			<key>buildActionMask</key>
			<string>2147483647</string>
			<key>files</key>
			<array/>
			<key>isa</key>
			<string>PBXResourcesBuildPhase</string>
			<key>runOnlyForDeploymentPostprocessing</key>
			<string>0</string>
		</dict>
		<key>B9FE3FF61E77E32B003CDE74</key>
		<dict>
			<key>buildConfigurationList</key>
			<string>B9FE400E1E77E32B003CDE74</string>
			<key>buildPhases</key>
			<array>
				<string>B9FE3FF31E77E32B003CDE74</string>
				<string>B9FE3FF41E77E32B003CDE74</string>
				<string>B9FE3FF51E77E32B003CDE74</string>
			</array>
			<key>buildRules</key>
			<array/>
			<key>dependencies</key>
			<array>
				<string>B9FE3FF91E77E32B003CDE74</string>
			</array>
			<key>isa</key>
			<string>PBXNativeTarget</string>
			<key>name</key>
			<string>R2STests</string>
			<key>productName</key>
			<string>R2STests</string>
			<key>productReference</key>
			<string>B9FE3FF71E77E32B003CDE74</string>
			<key>productType</key>
			<string>com.apple.product-type.bundle.unit-test</string>
		</dict>
		<key>B9FE3FF71E77E32B003CDE74</key>
		<dict>
			<key>explicitFileType</key>
			<string>wrapper.cfbundle</string>
			<key>includeInIndex</key>
			<string>0</string>
			<key>isa</key>
			<string>PBXFileReference</string>
			<key>path</key>
			<string>R2STests.xctest</string>
			<key>sourceTree</key>
			<string>BUILT_PRODUCTS_DIR</string>
		</dict>
		<key>B9FE3FF81E77E32B003CDE74</key>
		<dict>
			<key>containerPortal</key>
			<string>B9FE3FDB1E77E32A003CDE74</string>
			<key>isa</key>
			<string>PBXContainerItemProxy</string>
			<key>proxyType</key>
			<string>1</string>
			<key>remoteGlobalIDString</key>
			<string>B9FE3FE21E77E32A003CDE74</string>
			<key>remoteInfo</key>
			<string>R2S</string>
		</dict>
		<key>B9FE3FF91E77E32B003CDE74</key>
		<dict>
			<key>isa</key>
			<string>PBXTargetDependency</string>
			<key>target</key>
			<string>B9FE3FE21E77E32A003CDE74</string>
			<key>targetProxy</key>
			<string>B9FE3FF81E77E32B003CDE74</string>
		</dict>
		<key>B9FE3FFA1E77E32B003CDE74</key>
		<dict>
			<key>children</key>
			<array>
				<string>B9FE3FFB1E77E32B003CDE74</string>
				<string>B9FE3FFD1E77E32B003CDE74</string>
			</array>
			<key>isa</key>
			<string>PBXGroup</string>
			<key>path</key>
			<string>R2STests</string>
			<key>sourceTree</key>
			<string>&lt;group&gt;</string>
		</dict>
		<key>B9FE3FFB1E77E32B003CDE74</key>
		<dict>
			<key>isa</key>
			<string>PBXFileReference</string>
			<key>lastKnownFileType</key>
			<string>sourcecode.swift</string>
			<key>path</key>
			<string>R2STests.swift</string>
			<key>sourceTree</key>
			<string>&lt;group&gt;</string>
		</dict>
		<key>B9FE3FFC1E77E32B003CDE74</key>
		<dict>
			<key>fileRef</key>
			<string>B9FE3FFB1E77E32B003CDE74</string>
			<key>isa</key>
			<string>PBXBuildFile</string>
		</dict>
		<key>B9FE3FFD1E77E32B003CDE74</key>
		<dict>
			<key>isa</key>
			<string>PBXFileReference</string>
			<key>lastKnownFileType</key>
			<string>text.plist.xml</string>
			<key>path</key>
			<string>Info.plist</string>
			<key>sourceTree</key>
			<string>&lt;group&gt;</string>
		</dict>
		<key>B9FE3FFE1E77E32B003CDE74</key>
		<dict>
			<key>buildActionMask</key>
			<string>2147483647</string>
			<key>files</key>
			<array>
				<string>B9FE40071E77E32B003CDE74</string>
			</array>
			<key>isa</key>
			<string>PBXSourcesBuildPhase</string>
			<key>runOnlyForDeploymentPostprocessing</key>
			<string>0</string>
		</dict>
		<key>B9FE3FFF1E77E32B003CDE74</key>
		<dict>
			<key>buildActionMask</key>
			<string>2147483647</string>
			<key>files</key>
			<array/>
			<key>isa</key>
			<string>PBXFrameworksBuildPhase</string>
			<key>runOnlyForDeploymentPostprocessing</key>
			<string>0</string>
		</dict>
		<key>B9FE40001E77E32B003CDE74</key>
		<dict>
			<key>buildActionMask</key>
			<string>2147483647</string>
			<key>files</key>
			<array/>
			<key>isa</key>
			<string>PBXResourcesBuildPhase</string>
			<key>runOnlyForDeploymentPostprocessing</key>
			<string>0</string>
		</dict>
		<key>B9FE40011E77E32B003CDE74</key>
		<dict>
			<key>buildConfigurationList</key>
			<string>B9FE40111E77E32B003CDE74</string>
			<key>buildPhases</key>
			<array>
				<string>B9FE3FFE1E77E32B003CDE74</string>
				<string>B9FE3FFF1E77E32B003CDE74</string>
				<string>B9FE40001E77E32B003CDE74</string>
			</array>
			<key>buildRules</key>
			<array/>
			<key>dependencies</key>
			<array>
				<string>B9FE40041E77E32B003CDE74</string>
			</array>
			<key>isa</key>
			<string>PBXNativeTarget</string>
			<key>name</key>
			<string>R2SUITests</string>
			<key>productName</key>
			<string>R2SUITests</string>
			<key>productReference</key>
			<string>B9FE40021E77E32B003CDE74</string>
			<key>productType</key>
			<string>com.apple.product-type.bundle.ui-testing</string>
		</dict>
		<key>B9FE40021E77E32B003CDE74</key>
		<dict>
			<key>explicitFileType</key>
			<string>wrapper.cfbundle</string>
			<key>includeInIndex</key>
			<string>0</string>
			<key>isa</key>
			<string>PBXFileReference</string>
			<key>path</key>
			<string>R2SUITests.xctest</string>
			<key>sourceTree</key>
			<string>BUILT_PRODUCTS_DIR</string>
		</dict>
		<key>B9FE40031E77E32B003CDE74</key>
		<dict>
			<key>containerPortal</key>
			<string>B9FE3FDB1E77E32A003CDE74</string>
			<key>isa</key>
			<string>PBXContainerItemProxy</string>
			<key>proxyType</key>
			<string>1</string>
			<key>remoteGlobalIDString</key>
			<string>B9FE3FE21E77E32A003CDE74</string>
			<key>remoteInfo</key>
			<string>R2S</string>
		</dict>
		<key>B9FE40041E77E32B003CDE74</key>
		<dict>
			<key>isa</key>
			<string>PBXTargetDependency</string>
			<key>target</key>
			<string>B9FE3FE21E77E32A003CDE74</string>
			<key>targetProxy</key>
			<string>B9FE40031E77E32B003CDE74</string>
		</dict>
		<key>B9FE40051E77E32B003CDE74</key>
		<dict>
			<key>children</key>
			<array>
				<string>B9FE40061E77E32B003CDE74</string>
				<string>B9FE40081E77E32B003CDE74</string>
			</array>
			<key>isa</key>
			<string>PBXGroup</string>
			<key>path</key>
			<string>R2SUITests</string>
			<key>sourceTree</key>
			<string>&lt;group&gt;</string>
		</dict>
		<key>B9FE40061E77E32B003CDE74</key>
		<dict>
			<key>isa</key>
			<string>PBXFileReference</string>
			<key>lastKnownFileType</key>
			<string>sourcecode.swift</string>
			<key>path</key>
			<string>R2SUITests.swift</string>
			<key>sourceTree</key>
			<string>&lt;group&gt;</string>
		</dict>
		<key>B9FE40071E77E32B003CDE74</key>
		<dict>
			<key>fileRef</key>
			<string>B9FE40061E77E32B003CDE74</string>
			<key>isa</key>
			<string>PBXBuildFile</string>
		</dict>
		<key>B9FE40081E77E32B003CDE74</key>
		<dict>
			<key>isa</key>
			<string>PBXFileReference</string>
			<key>lastKnownFileType</key>
			<string>text.plist.xml</string>
			<key>path</key>
			<string>Info.plist</string>
			<key>sourceTree</key>
			<string>&lt;group&gt;</string>
		</dict>
		<key>B9FE40091E77E32B003CDE74</key>
		<dict>
			<key>buildSettings</key>
			<dict>
				<key>ALWAYS_SEARCH_USER_PATHS</key>
				<string>NO</string>
				<key>CLANG_ANALYZER_NONNULL</key>
				<string>YES</string>
				<key>CLANG_CXX_LANGUAGE_STANDARD</key>
				<string>gnu++0x</string>
				<key>CLANG_CXX_LIBRARY</key>
				<string>libc++</string>
				<key>CLANG_ENABLE_MODULES</key>
				<string>YES</string>
				<key>CLANG_ENABLE_OBJC_ARC</key>
				<string>YES</string>
				<key>CLANG_WARN_BOOL_CONVERSION</key>
				<string>YES</string>
				<key>CLANG_WARN_CONSTANT_CONVERSION</key>
				<string>YES</string>
				<key>CLANG_WARN_DIRECT_OBJC_ISA_USAGE</key>
				<string>YES_ERROR</string>
				<key>CLANG_WARN_DOCUMENTATION_COMMENTS</key>
				<string>YES</string>
				<key>CLANG_WARN_EMPTY_BODY</key>
				<string>YES</string>
				<key>CLANG_WARN_ENUM_CONVERSION</key>
				<string>YES</string>
				<key>CLANG_WARN_INFINITE_RECURSION</key>
				<string>YES</string>
				<key>CLANG_WARN_INT_CONVERSION</key>
				<string>YES</string>
				<key>CLANG_WARN_OBJC_ROOT_CLASS</key>
				<string>YES_ERROR</string>
				<key>CLANG_WARN_SUSPICIOUS_MOVE</key>
				<string>YES</string>
				<key>CLANG_WARN_UNREACHABLE_CODE</key>
				<string>YES</string>
				<key>CLANG_WARN__DUPLICATE_METHOD_MATCH</key>
				<string>YES</string>
				<key>CODE_SIGN_IDENTITY[sdk=iphoneos*]</key>
				<string>iPhone Developer</string>
				<key>COPY_PHASE_STRIP</key>
				<string>NO</string>
				<key>DEBUG_INFORMATION_FORMAT</key>
				<string>dwarf</string>
				<key>ENABLE_STRICT_OBJC_MSGSEND</key>
				<string>YES</string>
				<key>ENABLE_TESTABILITY</key>
				<string>YES</string>
				<key>GCC_C_LANGUAGE_STANDARD</key>
				<string>gnu99</string>
				<key>GCC_DYNAMIC_NO_PIC</key>
				<string>NO</string>
				<key>GCC_NO_COMMON_BLOCKS</key>
				<string>YES</string>
				<key>GCC_OPTIMIZATION_LEVEL</key>
				<string>0</string>
				<key>GCC_PREPROCESSOR_DEFINITIONS</key>
				<array>
					<string>DEBUG=1</string>
					<string>$(inherited)</string>
				</array>
				<key>GCC_WARN_64_TO_32_BIT_CONVERSION</key>
				<string>YES</string>
				<key>GCC_WARN_ABOUT_RETURN_TYPE</key>
				<string>YES_ERROR</string>
				<key>GCC_WARN_UNDECLARED_SELECTOR</key>
				<string>YES</string>
				<key>GCC_WARN_UNINITIALIZED_AUTOS</key>
				<string>YES_AGGRESSIVE</string>
				<key>GCC_WARN_UNUSED_FUNCTION</key>
				<string>YES</string>
				<key>GCC_WARN_UNUSED_VARIABLE</key>
				<string>YES</string>
				<key>IPHONEOS_DEPLOYMENT_TARGET</key>
				<string>10.2</string>
				<key>MTL_ENABLE_DEBUG_INFO</key>
				<string>YES</string>
				<key>ONLY_ACTIVE_ARCH</key>
				<string>YES</string>
				<key>SDKROOT</key>
				<string>iphoneos</string>
				<key>SWIFT_ACTIVE_COMPILATION_CONDITIONS</key>
				<string>DEBUG</string>
				<key>SWIFT_OPTIMIZATION_LEVEL</key>
				<string>-Onone</string>
				<key>TARGETED_DEVICE_FAMILY</key>
				<string>1,2</string>
			</dict>
			<key>isa</key>
			<string>XCBuildConfiguration</string>
			<key>name</key>
			<string>Debug</string>
		</dict>
		<key>B9FE400A1E77E32B003CDE74</key>
		<dict>
			<key>buildSettings</key>
			<dict>
				<key>ALWAYS_SEARCH_USER_PATHS</key>
				<string>NO</string>
				<key>CLANG_ANALYZER_NONNULL</key>
				<string>YES</string>
				<key>CLANG_CXX_LANGUAGE_STANDARD</key>
				<string>gnu++0x</string>
				<key>CLANG_CXX_LIBRARY</key>
				<string>libc++</string>
				<key>CLANG_ENABLE_MODULES</key>
				<string>YES</string>
				<key>CLANG_ENABLE_OBJC_ARC</key>
				<string>YES</string>
				<key>CLANG_WARN_BOOL_CONVERSION</key>
				<string>YES</string>
				<key>CLANG_WARN_CONSTANT_CONVERSION</key>
				<string>YES</string>
				<key>CLANG_WARN_DIRECT_OBJC_ISA_USAGE</key>
				<string>YES_ERROR</string>
				<key>CLANG_WARN_DOCUMENTATION_COMMENTS</key>
				<string>YES</string>
				<key>CLANG_WARN_EMPTY_BODY</key>
				<string>YES</string>
				<key>CLANG_WARN_ENUM_CONVERSION</key>
				<string>YES</string>
				<key>CLANG_WARN_INFINITE_RECURSION</key>
				<string>YES</string>
				<key>CLANG_WARN_INT_CONVERSION</key>
				<string>YES</string>
				<key>CLANG_WARN_OBJC_ROOT_CLASS</key>
				<string>YES_ERROR</string>
				<key>CLANG_WARN_SUSPICIOUS_MOVE</key>
				<string>YES</string>
				<key>CLANG_WARN_UNREACHABLE_CODE</key>
				<string>YES</string>
				<key>CLANG_WARN__DUPLICATE_METHOD_MATCH</key>
				<string>YES</string>
				<key>CODE_SIGN_IDENTITY[sdk=iphoneos*]</key>
				<string>iPhone Developer</string>
				<key>COPY_PHASE_STRIP</key>
				<string>NO</string>
				<key>DEBUG_INFORMATION_FORMAT</key>
				<string>dwarf-with-dsym</string>
				<key>ENABLE_NS_ASSERTIONS</key>
				<string>NO</string>
				<key>ENABLE_STRICT_OBJC_MSGSEND</key>
				<string>YES</string>
				<key>GCC_C_LANGUAGE_STANDARD</key>
				<string>gnu99</string>
				<key>GCC_NO_COMMON_BLOCKS</key>
				<string>YES</string>
				<key>GCC_WARN_64_TO_32_BIT_CONVERSION</key>
				<string>YES</string>
				<key>GCC_WARN_ABOUT_RETURN_TYPE</key>
				<string>YES_ERROR</string>
				<key>GCC_WARN_UNDECLARED_SELECTOR</key>
				<string>YES</string>
				<key>GCC_WARN_UNINITIALIZED_AUTOS</key>
				<string>YES_AGGRESSIVE</string>
				<key>GCC_WARN_UNUSED_FUNCTION</key>
				<string>YES</string>
				<key>GCC_WARN_UNUSED_VARIABLE</key>
				<string>YES</string>
				<key>IPHONEOS_DEPLOYMENT_TARGET</key>
				<string>10.2</string>
				<key>MTL_ENABLE_DEBUG_INFO</key>
				<string>NO</string>
				<key>SDKROOT</key>
				<string>iphoneos</string>
				<key>SWIFT_OPTIMIZATION_LEVEL</key>
				<string>-Owholemodule</string>
				<key>TARGETED_DEVICE_FAMILY</key>
				<string>1,2</string>
				<key>VALIDATE_PRODUCT</key>
				<string>YES</string>
			</dict>
			<key>isa</key>
			<string>XCBuildConfiguration</string>
			<key>name</key>
			<string>Release</string>
		</dict>
		<key>B9FE400B1E77E32B003CDE74</key>
		<dict>
			<key>buildConfigurations</key>
			<array>
				<string>B9FE400C1E77E32B003CDE74</string>
				<string>B9FE400D1E77E32B003CDE74</string>
			</array>
			<key>defaultConfigurationIsVisible</key>
			<string>0</string>
			<key>defaultConfigurationName</key>
			<string>Release</string>
			<key>isa</key>
			<string>XCConfigurationList</string>
		</dict>
		<key>B9FE400C1E77E32B003CDE74</key>
		<dict>
			<key>baseConfigurationReference</key>
			<string>23814817D62CF9D3116467B7</string>
			<key>buildSettings</key>
			<dict>
				<key>ASSETCATALOG_COMPILER_APPICON_NAME</key>
				<string>AppIcon</string>
				<key>DEVELOPMENT_TEAM</key>
				<string>U363493FZ8</string>
				<key>INFOPLIST_FILE</key>
				<string>R2S/Info.plist</string>
				<key>IPHONEOS_DEPLOYMENT_TARGET</key>
				<string>9.0</string>
				<key>LD_RUNPATH_SEARCH_PATHS</key>
				<string>$(inherited) @executable_path/Frameworks</string>
				<key>PRODUCT_BUNDLE_IDENTIFIER</key>
				<string>com.tirsolutions.R2S</string>
				<key>PRODUCT_NAME</key>
				<string>$(TARGET_NAME)</string>
				<key>SWIFT_VERSION</key>
				<string>3.0</string>
			</dict>
			<key>isa</key>
			<string>XCBuildConfiguration</string>
			<key>name</key>
			<string>Debug</string>
		</dict>
		<key>B9FE400D1E77E32B003CDE74</key>
		<dict>
			<key>baseConfigurationReference</key>
			<string>33DE7660843E508F233330F3</string>
			<key>buildSettings</key>
			<dict>
				<key>ASSETCATALOG_COMPILER_APPICON_NAME</key>
				<string>AppIcon</string>
				<key>DEVELOPMENT_TEAM</key>
				<string>U363493FZ8</string>
				<key>INFOPLIST_FILE</key>
				<string>R2S/Info.plist</string>
				<key>IPHONEOS_DEPLOYMENT_TARGET</key>
				<string>9.0</string>
				<key>LD_RUNPATH_SEARCH_PATHS</key>
				<string>$(inherited) @executable_path/Frameworks</string>
				<key>PRODUCT_BUNDLE_IDENTIFIER</key>
				<string>com.tirsolutions.R2S</string>
				<key>PRODUCT_NAME</key>
				<string>$(TARGET_NAME)</string>
				<key>SWIFT_VERSION</key>
				<string>3.0</string>
			</dict>
			<key>isa</key>
			<string>XCBuildConfiguration</string>
			<key>name</key>
			<string>Release</string>
		</dict>
		<key>B9FE400E1E77E32B003CDE74</key>
		<dict>
			<key>buildConfigurations</key>
			<array>
				<string>B9FE400F1E77E32B003CDE74</string>
				<string>B9FE40101E77E32B003CDE74</string>
			</array>
			<key>defaultConfigurationIsVisible</key>
			<string>0</string>
			<key>defaultConfigurationName</key>
			<string>Release</string>
			<key>isa</key>
			<string>XCConfigurationList</string>
		</dict>
		<key>B9FE400F1E77E32B003CDE74</key>
		<dict>
			<key>buildSettings</key>
			<dict>
				<key>ALWAYS_EMBED_SWIFT_STANDARD_LIBRARIES</key>
				<string>YES</string>
				<key>BUNDLE_LOADER</key>
				<string>$(TEST_HOST)</string>
				<key>INFOPLIST_FILE</key>
				<string>R2STests/Info.plist</string>
				<key>LD_RUNPATH_SEARCH_PATHS</key>
				<string>$(inherited) @executable_path/Frameworks @loader_path/Frameworks</string>
				<key>PRODUCT_BUNDLE_IDENTIFIER</key>
				<string>com.tirsolutions.R2STests</string>
				<key>PRODUCT_NAME</key>
				<string>$(TARGET_NAME)</string>
				<key>SWIFT_VERSION</key>
				<string>3.0</string>
				<key>TEST_HOST</key>
				<string>$(BUILT_PRODUCTS_DIR)/R2S.app/R2S</string>
			</dict>
			<key>isa</key>
			<string>XCBuildConfiguration</string>
			<key>name</key>
			<string>Debug</string>
		</dict>
		<key>B9FE40101E77E32B003CDE74</key>
		<dict>
			<key>buildSettings</key>
			<dict>
				<key>ALWAYS_EMBED_SWIFT_STANDARD_LIBRARIES</key>
				<string>YES</string>
				<key>BUNDLE_LOADER</key>
				<string>$(TEST_HOST)</string>
				<key>INFOPLIST_FILE</key>
				<string>R2STests/Info.plist</string>
				<key>LD_RUNPATH_SEARCH_PATHS</key>
				<string>$(inherited) @executable_path/Frameworks @loader_path/Frameworks</string>
				<key>PRODUCT_BUNDLE_IDENTIFIER</key>
				<string>com.tirsolutions.R2STests</string>
				<key>PRODUCT_NAME</key>
				<string>$(TARGET_NAME)</string>
				<key>SWIFT_VERSION</key>
				<string>3.0</string>
				<key>TEST_HOST</key>
				<string>$(BUILT_PRODUCTS_DIR)/R2S.app/R2S</string>
			</dict>
			<key>isa</key>
			<string>XCBuildConfiguration</string>
			<key>name</key>
			<string>Release</string>
		</dict>
		<key>B9FE40111E77E32B003CDE74</key>
		<dict>
			<key>buildConfigurations</key>
			<array>
				<string>B9FE40121E77E32B003CDE74</string>
				<string>B9FE40131E77E32B003CDE74</string>
			</array>
			<key>defaultConfigurationIsVisible</key>
			<string>0</string>
			<key>defaultConfigurationName</key>
			<string>Release</string>
			<key>isa</key>
			<string>XCConfigurationList</string>
		</dict>
		<key>B9FE40121E77E32B003CDE74</key>
		<dict>
			<key>buildSettings</key>
			<dict>
				<key>ALWAYS_EMBED_SWIFT_STANDARD_LIBRARIES</key>
				<string>YES</string>
				<key>INFOPLIST_FILE</key>
				<string>R2SUITests/Info.plist</string>
				<key>LD_RUNPATH_SEARCH_PATHS</key>
				<string>$(inherited) @executable_path/Frameworks @loader_path/Frameworks</string>
				<key>PRODUCT_BUNDLE_IDENTIFIER</key>
				<string>com.tirsolutions.R2SUITests</string>
				<key>PRODUCT_NAME</key>
				<string>$(TARGET_NAME)</string>
				<key>SWIFT_VERSION</key>
				<string>3.0</string>
				<key>TEST_TARGET_NAME</key>
				<string>R2S</string>
			</dict>
			<key>isa</key>
			<string>XCBuildConfiguration</string>
			<key>name</key>
			<string>Debug</string>
		</dict>
		<key>B9FE40131E77E32B003CDE74</key>
		<dict>
			<key>buildSettings</key>
			<dict>
				<key>ALWAYS_EMBED_SWIFT_STANDARD_LIBRARIES</key>
				<string>YES</string>
				<key>INFOPLIST_FILE</key>
				<string>R2SUITests/Info.plist</string>
				<key>LD_RUNPATH_SEARCH_PATHS</key>
				<string>$(inherited) @executable_path/Frameworks @loader_path/Frameworks</string>
				<key>PRODUCT_BUNDLE_IDENTIFIER</key>
				<string>com.tirsolutions.R2SUITests</string>
				<key>PRODUCT_NAME</key>
				<string>$(TARGET_NAME)</string>
				<key>SWIFT_VERSION</key>
				<string>3.0</string>
				<key>TEST_TARGET_NAME</key>
				<string>R2S</string>
			</dict>
			<key>isa</key>
			<string>XCBuildConfiguration</string>
			<key>name</key>
			<string>Release</string>
		</dict>
		<key>E98DBE374D4CDB004B8FEF12</key>
		<dict>
			<key>children</key>
			<array>
				<string>23814817D62CF9D3116467B7</string>
				<string>33DE7660843E508F233330F3</string>
			</array>
			<key>isa</key>
			<string>PBXGroup</string>
			<key>name</key>
			<string>Pods</string>
			<key>sourceTree</key>
			<string>&lt;group&gt;</string>
		</dict>
	</dict>
	<key>rootObject</key>
	<string>B9FE3FDB1E77E32A003CDE74</string>
</dict>
</plist>
